// !$*UTF8*$!
{
	archiveVersion = 1;
	classes = {
	};
	objectVersion = 55;
	objects = {

/* Begin PBXBuildFile section */
		01D0246486FAD663A8B0AE6A /* Pods_GitHubAPIApp.framework in Frameworks */ = {isa = PBXBuildFile; fileRef = 4962640D7AF621FF379AC075 /* Pods_GitHubAPIApp.framework */; };
		6325F2B42741073300C02429 /* UserProfileLoader.swift in Sources */ = {isa = PBXBuildFile; fileRef = 6325F2B32741073300C02429 /* UserProfileLoader.swift */; };
		6325F2B9274138A600C02429 /* SceneDelegateTests.swift in Sources */ = {isa = PBXBuildFile; fileRef = 6325F2B8274138A600C02429 /* SceneDelegateTests.swift */; };
		6325F2C22742617C00C02429 /* UIImage+TestHelpers.swift in Sources */ = {isa = PBXBuildFile; fileRef = 6325F2C12742617C00C02429 /* UIImage+TestHelpers.swift */; };
		6325F2C92742A6A000C02429 /* EmptyUserProfiles-dark.png in Resources */ = {isa = PBXBuildFile; fileRef = 6325F2C72742A6A000C02429 /* EmptyUserProfiles-dark.png */; };
		6325F2CA2742A6A000C02429 /* EmptyUserProfiles-light.png in Resources */ = {isa = PBXBuildFile; fileRef = 6325F2C82742A6A000C02429 /* EmptyUserProfiles-light.png */; };
		6325F2CD27434E8A00C02429 /* UserProfilesWithContent-dark.png in Resources */ = {isa = PBXBuildFile; fileRef = 6325F2CB27434E8A00C02429 /* UserProfilesWithContent-dark.png */; };
		6325F2CE27434E8A00C02429 /* UserProfilesWithContent-light.png in Resources */ = {isa = PBXBuildFile; fileRef = 6325F2CC27434E8A00C02429 /* UserProfilesWithContent-light.png */; };
		6325F2D12743EC7900C02429 /* UserProfileWithFailedAvatarLoading-dark.png in Resources */ = {isa = PBXBuildFile; fileRef = 6325F2CF2743EC7900C02429 /* UserProfileWithFailedAvatarLoading-dark.png */; };
		6325F2D22743EC7900C02429 /* UserProfileWithFailedAvatarLoading-light.png in Resources */ = {isa = PBXBuildFile; fileRef = 6325F2D02743EC7900C02429 /* UserProfileWithFailedAvatarLoading-light.png */; };
		6325F2D42743F12600C02429 /* UIColor+DarkModeSupport.swift in Sources */ = {isa = PBXBuildFile; fileRef = 6325F2D32743F12600C02429 /* UIColor+DarkModeSupport.swift */; };
		6325F2D62744009100C02429 /* ColorPalette.swift in Sources */ = {isa = PBXBuildFile; fileRef = 6325F2D52744009100C02429 /* ColorPalette.swift */; };
		6325F2D92744C88E00C02429 /* UserProfileWhileAvatarLoading-dark.png in Resources */ = {isa = PBXBuildFile; fileRef = 6325F2D72744C88E00C02429 /* UserProfileWhileAvatarLoading-dark.png */; };
		6325F2DA2744C88E00C02429 /* UserProfileWhileAvatarLoading-light.png in Resources */ = {isa = PBXBuildFile; fileRef = 6325F2D82744C88E00C02429 /* UserProfileWhileAvatarLoading-light.png */; };
		632B0C7D2737D76F00AA290E /* UserProfileCell.swift in Sources */ = {isa = PBXBuildFile; fileRef = 632B0C7C2737D76F00AA290E /* UserProfileCell.swift */; };
		632B0C7F2737E1FD00AA290E /* UITableView+ReusingCell.swift in Sources */ = {isa = PBXBuildFile; fileRef = 632B0C7E2737E1FD00AA290E /* UITableView+ReusingCell.swift */; };
		632B0C812737F4DB00AA290E /* UserProfileCellController.swift in Sources */ = {isa = PBXBuildFile; fileRef = 632B0C802737F4DB00AA290E /* UserProfileCellController.swift */; };
		632B0C83273805AB00AA290E /* RefreshController.swift in Sources */ = {isa = PBXBuildFile; fileRef = 632B0C82273805AB00AA290E /* RefreshController.swift */; };
		632B0C8527395ADD00AA290E /* UserProfileUIComposer.swift in Sources */ = {isa = PBXBuildFile; fileRef = 632B0C8427395ADD00AA290E /* UserProfileUIComposer.swift */; };
		632B0C89273A78C600AA290E /* UserProfileViewModel.swift in Sources */ = {isa = PBXBuildFile; fileRef = 632B0C88273A78C600AA290E /* UserProfileViewModel.swift */; };
		632B0C8B273A914D00AA290E /* RefreshViewModel.swift in Sources */ = {isa = PBXBuildFile; fileRef = 632B0C8A273A914D00AA290E /* RefreshViewModel.swift */; };
		632B0C95273C274700AA290E /* UserProfileLoaderViewModelAdapter.swift in Sources */ = {isa = PBXBuildFile; fileRef = 632B0C94273C274600AA290E /* UserProfileLoaderViewModelAdapter.swift */; };
		634DE99A274CF8E7000FC6E2 /* UserProfileUIIntegrationTests+LoaderSpy.swift in Sources */ = {isa = PBXBuildFile; fileRef = 634DE999274CF8E7000FC6E2 /* UserProfileUIIntegrationTests+LoaderSpy.swift */; };
		634DE99C274CF97C000FC6E2 /* Collection+TestHelpers.swift in Sources */ = {isa = PBXBuildFile; fileRef = 634DE99B274CF97C000FC6E2 /* Collection+TestHelpers.swift */; };
		634DE99E274CFA5C000FC6E2 /* UserProfileUIIntegrationTests+Assertions.swift in Sources */ = {isa = PBXBuildFile; fileRef = 634DE99D274CFA5C000FC6E2 /* UserProfileUIIntegrationTests+Assertions.swift */; };
		634DE9A0274CFAEB000FC6E2 /* XCTestCase+Helpers.swift in Sources */ = {isa = PBXBuildFile; fileRef = 634DE99F274CFAEB000FC6E2 /* XCTestCase+Helpers.swift */; };
		634DE9A2274D0752000FC6E2 /* ImageDataLoaderCacheDecoratorTests.swift in Sources */ = {isa = PBXBuildFile; fileRef = 634DE9A1274D0752000FC6E2 /* ImageDataLoaderCacheDecoratorTests.swift */; };
		634DE9A4274E29F8000FC6E2 /* Helpers.swift in Sources */ = {isa = PBXBuildFile; fileRef = 634DE9A3274E29F8000FC6E2 /* Helpers.swift */; };
		63547AA9272BB699001CE31F /* GitHubAPI.framework in Frameworks */ = {isa = PBXBuildFile; fileRef = 63547AA8272BB699001CE31F /* GitHubAPI.framework */; };
		63547AAA272BB699001CE31F /* GitHubAPI.framework in Embed Frameworks */ = {isa = PBXBuildFile; fileRef = 63547AA8272BB699001CE31F /* GitHubAPI.framework */; settings = {ATTRIBUTES = (CodeSignOnCopy, RemoveHeadersOnCopy, ); }; };
		63737FDB274B50DD003FD251 /* ImageDataLoaderCacheDecorator.swift in Sources */ = {isa = PBXBuildFile; fileRef = 63737FDA274B50DD003FD251 /* ImageDataLoaderCacheDecorator.swift */; };
		63737FDD274B5167003FD251 /* LoadMoreViewModel.swift in Sources */ = {isa = PBXBuildFile; fileRef = 63737FDC274B5167003FD251 /* LoadMoreViewModel.swift */; };
		63923155273CE70E000532C5 /* CellController.swift in Sources */ = {isa = PBXBuildFile; fileRef = 63923154273CE70E000532C5 /* CellController.swift */; };
		6392316A273E6808000532C5 /* UserProfileCell.png in Resources */ = {isa = PBXBuildFile; fileRef = 63923168273E6807000532C5 /* UserProfileCell.png */; };
		6392316B273E6808000532C5 /* UserProfileCell-siteAdmin.png in Resources */ = {isa = PBXBuildFile; fileRef = 63923169273E6807000532C5 /* UserProfileCell-siteAdmin.png */; };
		6392316D273E6ED7000532C5 /* UserProfileCell-avatarLoading.png in Resources */ = {isa = PBXBuildFile; fileRef = 6392316C273E6ED7000532C5 /* UserProfileCell-avatarLoading.png */; };
		6392316F273E725D000532C5 /* UserProfileCell-retryButton.png in Resources */ = {isa = PBXBuildFile; fileRef = 6392316E273E725D000532C5 /* UserProfileCell-retryButton.png */; };
		63D146AF2746119800C3DB7E /* UserProfileViewControllerSnapshotTests.swift in Sources */ = {isa = PBXBuildFile; fileRef = 6325F2C52742A16E00C02429 /* UserProfileViewControllerSnapshotTests.swift */; };
		63D146B0274611A000C3DB7E /* UserProfileUIIntegrationTests.swift in Sources */ = {isa = PBXBuildFile; fileRef = 63F55367270FF26F0002FA50 /* UserProfileUIIntegrationTests.swift */; };
		63D146B32746123F00C3DB7E /* UserProfileCell+TestHelpers.swift in Sources */ = {isa = PBXBuildFile; fileRef = 6325F2BF274260F700C02429 /* UserProfileCell+TestHelpers.swift */; };
		63D146B52746125500C3DB7E /* UIView+Snapshot.swift in Sources */ = {isa = PBXBuildFile; fileRef = 6392315E273D55C4000532C5 /* UIView+Snapshot.swift */; };
		63D146B62746125500C3DB7E /* UIViewController+Snapshot.swift in Sources */ = {isa = PBXBuildFile; fileRef = 63923159273D55AC000532C5 /* UIViewController+Snapshot.swift */; };
		63D146B72746125500C3DB7E /* TableViewCellSnapshotContainer.swift in Sources */ = {isa = PBXBuildFile; fileRef = 63923166273E604D000532C5 /* TableViewCellSnapshotContainer.swift */; };
		63D146B92746125500C3DB7E /* XCTestCase+Snapshot.swift in Sources */ = {isa = PBXBuildFile; fileRef = 63923158273D55AC000532C5 /* XCTestCase+Snapshot.swift */; };
		63D146BA2746128E00C3DB7E /* UserProfileViewController+TestHelpers.swift in Sources */ = {isa = PBXBuildFile; fileRef = 6325F2BD2742543600C02429 /* UserProfileViewController+TestHelpers.swift */; };
		63D146BB274612B000C3DB7E /* UserProfileCellSnapshotTest.swift in Sources */ = {isa = PBXBuildFile; fileRef = 63923161273D57BA000532C5 /* UserProfileCellSnapshotTest.swift */; };
		63D146BE274614ED00C3DB7E /* UIImage+TestHelpers.swift in Sources */ = {isa = PBXBuildFile; fileRef = 63D146BD274614ED00C3DB7E /* UIImage+TestHelpers.swift */; };
		63D146C02746270800C3DB7E /* UITableView+DummyHelpers.swift in Sources */ = {isa = PBXBuildFile; fileRef = 63D146BF2746270800C3DB7E /* UITableView+DummyHelpers.swift */; };
		63D146C327462A5200C3DB7E /* UserProfileWithLoadMoreIndicator-dark.png in Resources */ = {isa = PBXBuildFile; fileRef = 63D146C127462A5200C3DB7E /* UserProfileWithLoadMoreIndicator-dark.png */; };
		63D146C427462A5200C3DB7E /* UserProfileWithLoadMoreIndicator-light.png in Resources */ = {isa = PBXBuildFile; fileRef = 63D146C227462A5200C3DB7E /* UserProfileWithLoadMoreIndicator-light.png */; };
		63D146C627462E3300C3DB7E /* LoadMoreCellController.swift in Sources */ = {isa = PBXBuildFile; fileRef = 63D146C527462E3300C3DB7E /* LoadMoreCellController.swift */; };
		63D146C827462E5300C3DB7E /* LoadMoreCell.swift in Sources */ = {isa = PBXBuildFile; fileRef = 63D146C727462E5300C3DB7E /* LoadMoreCell.swift */; };
		63D146CB2746319700C3DB7E /* UserProfileWithLoadMoreError-dark.png in Resources */ = {isa = PBXBuildFile; fileRef = 63D146C92746319700C3DB7E /* UserProfileWithLoadMoreError-dark.png */; };
		63D146CC2746319700C3DB7E /* UserProfileWithLoadMoreError-light.png in Resources */ = {isa = PBXBuildFile; fileRef = 63D146CA2746319700C3DB7E /* UserProfileWithLoadMoreError-light.png */; };
		63F55351270FF26C0002FA50 /* AppDelegate.swift in Sources */ = {isa = PBXBuildFile; fileRef = 63F55350270FF26C0002FA50 /* AppDelegate.swift */; };
		63F55353270FF26C0002FA50 /* SceneDelegate.swift in Sources */ = {isa = PBXBuildFile; fileRef = 63F55352270FF26C0002FA50 /* SceneDelegate.swift */; };
		63F55355270FF26C0002FA50 /* ListViewController.swift in Sources */ = {isa = PBXBuildFile; fileRef = 63F55354270FF26C0002FA50 /* ListViewController.swift */; };
		63F5535A270FF26E0002FA50 /* Assets.xcassets in Resources */ = {isa = PBXBuildFile; fileRef = 63F55359270FF26E0002FA50 /* Assets.xcassets */; };
		63F5535D270FF26E0002FA50 /* LaunchScreen.storyboard in Resources */ = {isa = PBXBuildFile; fileRef = 63F5535B270FF26E0002FA50 /* LaunchScreen.storyboard */; };
		D912BA7AF50C4F92249A684A /* Pods_GitHubAPIAppTests.framework in Frameworks */ = {isa = PBXBuildFile; fileRef = 901878BAB19BF7715F5C362B /* Pods_GitHubAPIAppTests.framework */; };
/* End PBXBuildFile section */

/* Begin PBXContainerItemProxy section */
		63D146A92746117F00C3DB7E /* PBXContainerItemProxy */ = {
			isa = PBXContainerItemProxy;
			containerPortal = 63F55345270FF26B0002FA50 /* Project object */;
			proxyType = 1;
			remoteGlobalIDString = 63F5534C270FF26C0002FA50;
			remoteInfo = GitHubAPIApp;
		};
		63F55364270FF26F0002FA50 /* PBXContainerItemProxy */ = {
			isa = PBXContainerItemProxy;
			containerPortal = 63F55345270FF26B0002FA50 /* Project object */;
			proxyType = 1;
			remoteGlobalIDString = 63F5534C270FF26C0002FA50;
			remoteInfo = GitHubAPIApp;
		};
/* End PBXContainerItemProxy section */

/* Begin PBXCopyFilesBuildPhase section */
		63547AAB272BB69A001CE31F /* Embed Frameworks */ = {
			isa = PBXCopyFilesBuildPhase;
			buildActionMask = 2147483647;
			dstPath = "";
			dstSubfolderSpec = 10;
			files = (
				63547AAA272BB699001CE31F /* GitHubAPI.framework in Embed Frameworks */,
			);
			name = "Embed Frameworks";
			runOnlyForDeploymentPostprocessing = 0;
		};
/* End PBXCopyFilesBuildPhase section */

/* Begin PBXFileReference section */
		20ADFD321C7AE295CD180E2C /* Pods-GitHubAPIAppTests.debug.xcconfig */ = {isa = PBXFileReference; includeInIndex = 1; lastKnownFileType = text.xcconfig; name = "Pods-GitHubAPIAppTests.debug.xcconfig"; path = "Target Support Files/Pods-GitHubAPIAppTests/Pods-GitHubAPIAppTests.debug.xcconfig"; sourceTree = "<group>"; };
		4962640D7AF621FF379AC075 /* Pods_GitHubAPIApp.framework */ = {isa = PBXFileReference; explicitFileType = wrapper.framework; includeInIndex = 0; path = Pods_GitHubAPIApp.framework; sourceTree = BUILT_PRODUCTS_DIR; };
		6325F2B32741073300C02429 /* UserProfileLoader.swift */ = {isa = PBXFileReference; lastKnownFileType = sourcecode.swift; path = UserProfileLoader.swift; sourceTree = "<group>"; };
		6325F2B8274138A600C02429 /* SceneDelegateTests.swift */ = {isa = PBXFileReference; lastKnownFileType = sourcecode.swift; path = SceneDelegateTests.swift; sourceTree = "<group>"; };
		6325F2BD2742543600C02429 /* UserProfileViewController+TestHelpers.swift */ = {isa = PBXFileReference; lastKnownFileType = sourcecode.swift; path = "UserProfileViewController+TestHelpers.swift"; sourceTree = "<group>"; };
		6325F2BF274260F700C02429 /* UserProfileCell+TestHelpers.swift */ = {isa = PBXFileReference; lastKnownFileType = sourcecode.swift; path = "UserProfileCell+TestHelpers.swift"; sourceTree = "<group>"; };
		6325F2C12742617C00C02429 /* UIImage+TestHelpers.swift */ = {isa = PBXFileReference; lastKnownFileType = sourcecode.swift; path = "UIImage+TestHelpers.swift"; sourceTree = "<group>"; };
		6325F2C52742A16E00C02429 /* UserProfileViewControllerSnapshotTests.swift */ = {isa = PBXFileReference; lastKnownFileType = sourcecode.swift; path = UserProfileViewControllerSnapshotTests.swift; sourceTree = "<group>"; };
		6325F2C72742A6A000C02429 /* EmptyUserProfiles-dark.png */ = {isa = PBXFileReference; lastKnownFileType = image.png; path = "EmptyUserProfiles-dark.png"; sourceTree = "<group>"; };
		6325F2C82742A6A000C02429 /* EmptyUserProfiles-light.png */ = {isa = PBXFileReference; lastKnownFileType = image.png; path = "EmptyUserProfiles-light.png"; sourceTree = "<group>"; };
		6325F2CB27434E8A00C02429 /* UserProfilesWithContent-dark.png */ = {isa = PBXFileReference; lastKnownFileType = image.png; path = "UserProfilesWithContent-dark.png"; sourceTree = "<group>"; };
		6325F2CC27434E8A00C02429 /* UserProfilesWithContent-light.png */ = {isa = PBXFileReference; lastKnownFileType = image.png; path = "UserProfilesWithContent-light.png"; sourceTree = "<group>"; };
		6325F2CF2743EC7900C02429 /* UserProfileWithFailedAvatarLoading-dark.png */ = {isa = PBXFileReference; lastKnownFileType = image.png; path = "UserProfileWithFailedAvatarLoading-dark.png"; sourceTree = "<group>"; };
		6325F2D02743EC7900C02429 /* UserProfileWithFailedAvatarLoading-light.png */ = {isa = PBXFileReference; lastKnownFileType = image.png; path = "UserProfileWithFailedAvatarLoading-light.png"; sourceTree = "<group>"; };
		6325F2D32743F12600C02429 /* UIColor+DarkModeSupport.swift */ = {isa = PBXFileReference; lastKnownFileType = sourcecode.swift; path = "UIColor+DarkModeSupport.swift"; sourceTree = "<group>"; };
		6325F2D52744009100C02429 /* ColorPalette.swift */ = {isa = PBXFileReference; lastKnownFileType = sourcecode.swift; path = ColorPalette.swift; sourceTree = "<group>"; };
		6325F2D72744C88E00C02429 /* UserProfileWhileAvatarLoading-dark.png */ = {isa = PBXFileReference; lastKnownFileType = image.png; path = "UserProfileWhileAvatarLoading-dark.png"; sourceTree = "<group>"; };
		6325F2D82744C88E00C02429 /* UserProfileWhileAvatarLoading-light.png */ = {isa = PBXFileReference; lastKnownFileType = image.png; path = "UserProfileWhileAvatarLoading-light.png"; sourceTree = "<group>"; };
		632B0C7C2737D76F00AA290E /* UserProfileCell.swift */ = {isa = PBXFileReference; lastKnownFileType = sourcecode.swift; path = UserProfileCell.swift; sourceTree = "<group>"; };
		632B0C7E2737E1FD00AA290E /* UITableView+ReusingCell.swift */ = {isa = PBXFileReference; lastKnownFileType = sourcecode.swift; path = "UITableView+ReusingCell.swift"; sourceTree = "<group>"; };
		632B0C802737F4DB00AA290E /* UserProfileCellController.swift */ = {isa = PBXFileReference; lastKnownFileType = sourcecode.swift; path = UserProfileCellController.swift; sourceTree = "<group>"; };
		632B0C82273805AB00AA290E /* RefreshController.swift */ = {isa = PBXFileReference; lastKnownFileType = sourcecode.swift; path = RefreshController.swift; sourceTree = "<group>"; };
		632B0C8427395ADD00AA290E /* UserProfileUIComposer.swift */ = {isa = PBXFileReference; lastKnownFileType = sourcecode.swift; path = UserProfileUIComposer.swift; sourceTree = "<group>"; };
		632B0C88273A78C600AA290E /* UserProfileViewModel.swift */ = {isa = PBXFileReference; lastKnownFileType = sourcecode.swift; path = UserProfileViewModel.swift; sourceTree = "<group>"; };
		632B0C8A273A914D00AA290E /* RefreshViewModel.swift */ = {isa = PBXFileReference; lastKnownFileType = sourcecode.swift; path = RefreshViewModel.swift; sourceTree = "<group>"; };
		632B0C94273C274600AA290E /* UserProfileLoaderViewModelAdapter.swift */ = {isa = PBXFileReference; lastKnownFileType = sourcecode.swift; path = UserProfileLoaderViewModelAdapter.swift; sourceTree = "<group>"; };
		634DE999274CF8E7000FC6E2 /* UserProfileUIIntegrationTests+LoaderSpy.swift */ = {isa = PBXFileReference; lastKnownFileType = sourcecode.swift; path = "UserProfileUIIntegrationTests+LoaderSpy.swift"; sourceTree = "<group>"; };
		634DE99B274CF97C000FC6E2 /* Collection+TestHelpers.swift */ = {isa = PBXFileReference; lastKnownFileType = sourcecode.swift; path = "Collection+TestHelpers.swift"; sourceTree = "<group>"; };
		634DE99D274CFA5C000FC6E2 /* UserProfileUIIntegrationTests+Assertions.swift */ = {isa = PBXFileReference; lastKnownFileType = sourcecode.swift; path = "UserProfileUIIntegrationTests+Assertions.swift"; sourceTree = "<group>"; };
		634DE99F274CFAEB000FC6E2 /* XCTestCase+Helpers.swift */ = {isa = PBXFileReference; lastKnownFileType = sourcecode.swift; path = "XCTestCase+Helpers.swift"; sourceTree = "<group>"; };
		634DE9A1274D0752000FC6E2 /* ImageDataLoaderCacheDecoratorTests.swift */ = {isa = PBXFileReference; lastKnownFileType = sourcecode.swift; path = ImageDataLoaderCacheDecoratorTests.swift; sourceTree = "<group>"; };
		634DE9A3274E29F8000FC6E2 /* Helpers.swift */ = {isa = PBXFileReference; lastKnownFileType = sourcecode.swift; path = Helpers.swift; sourceTree = "<group>"; };
		63547A94272A9CE4001CE31F /* GitHubAPI.framework */ = {isa = PBXFileReference; explicitFileType = wrapper.framework; path = GitHubAPI.framework; sourceTree = BUILT_PRODUCTS_DIR; };
		63547A9C272BB3E7001CE31F /* GitHubAPI.framework */ = {isa = PBXFileReference; explicitFileType = wrapper.framework; path = GitHubAPI.framework; sourceTree = BUILT_PRODUCTS_DIR; };
		63547AA4272BB5FC001CE31F /* Alamofire.framework */ = {isa = PBXFileReference; explicitFileType = wrapper.framework; path = Alamofire.framework; sourceTree = BUILT_PRODUCTS_DIR; };
		63547AA8272BB699001CE31F /* GitHubAPI.framework */ = {isa = PBXFileReference; explicitFileType = wrapper.framework; path = GitHubAPI.framework; sourceTree = BUILT_PRODUCTS_DIR; };
		63737FDA274B50DD003FD251 /* ImageDataLoaderCacheDecorator.swift */ = {isa = PBXFileReference; lastKnownFileType = sourcecode.swift; path = ImageDataLoaderCacheDecorator.swift; sourceTree = "<group>"; };
		63737FDC274B5167003FD251 /* LoadMoreViewModel.swift */ = {isa = PBXFileReference; lastKnownFileType = sourcecode.swift; path = LoadMoreViewModel.swift; sourceTree = "<group>"; };
		63923154273CE70E000532C5 /* CellController.swift */ = {isa = PBXFileReference; lastKnownFileType = sourcecode.swift; path = CellController.swift; sourceTree = "<group>"; };
		63923158273D55AC000532C5 /* XCTestCase+Snapshot.swift */ = {isa = PBXFileReference; fileEncoding = 4; lastKnownFileType = sourcecode.swift; path = "XCTestCase+Snapshot.swift"; sourceTree = "<group>"; };
		63923159273D55AC000532C5 /* UIViewController+Snapshot.swift */ = {isa = PBXFileReference; fileEncoding = 4; lastKnownFileType = sourcecode.swift; path = "UIViewController+Snapshot.swift"; sourceTree = "<group>"; };
		6392315E273D55C4000532C5 /* UIView+Snapshot.swift */ = {isa = PBXFileReference; fileEncoding = 4; lastKnownFileType = sourcecode.swift; path = "UIView+Snapshot.swift"; sourceTree = "<group>"; };
		63923161273D57BA000532C5 /* UserProfileCellSnapshotTest.swift */ = {isa = PBXFileReference; lastKnownFileType = sourcecode.swift; path = UserProfileCellSnapshotTest.swift; sourceTree = "<group>"; };
		63923166273E604D000532C5 /* TableViewCellSnapshotContainer.swift */ = {isa = PBXFileReference; lastKnownFileType = sourcecode.swift; path = TableViewCellSnapshotContainer.swift; sourceTree = "<group>"; };
		63923168273E6807000532C5 /* UserProfileCell.png */ = {isa = PBXFileReference; lastKnownFileType = image.png; path = UserProfileCell.png; sourceTree = "<group>"; };
		63923169273E6807000532C5 /* UserProfileCell-siteAdmin.png */ = {isa = PBXFileReference; lastKnownFileType = image.png; path = "UserProfileCell-siteAdmin.png"; sourceTree = "<group>"; };
		6392316C273E6ED7000532C5 /* UserProfileCell-avatarLoading.png */ = {isa = PBXFileReference; lastKnownFileType = image.png; path = "UserProfileCell-avatarLoading.png"; sourceTree = "<group>"; };
		6392316E273E725D000532C5 /* UserProfileCell-retryButton.png */ = {isa = PBXFileReference; lastKnownFileType = image.png; path = "UserProfileCell-retryButton.png"; sourceTree = "<group>"; };
		63D146A52746117F00C3DB7E /* GitHubAPISnapshotTests.xctest */ = {isa = PBXFileReference; explicitFileType = wrapper.cfbundle; includeInIndex = 0; path = GitHubAPISnapshotTests.xctest; sourceTree = BUILT_PRODUCTS_DIR; };
		63D146BD274614ED00C3DB7E /* UIImage+TestHelpers.swift */ = {isa = PBXFileReference; lastKnownFileType = sourcecode.swift; path = "UIImage+TestHelpers.swift"; sourceTree = "<group>"; };
		63D146BF2746270800C3DB7E /* UITableView+DummyHelpers.swift */ = {isa = PBXFileReference; lastKnownFileType = sourcecode.swift; path = "UITableView+DummyHelpers.swift"; sourceTree = "<group>"; };
		63D146C127462A5200C3DB7E /* UserProfileWithLoadMoreIndicator-dark.png */ = {isa = PBXFileReference; lastKnownFileType = image.png; path = "UserProfileWithLoadMoreIndicator-dark.png"; sourceTree = "<group>"; };
		63D146C227462A5200C3DB7E /* UserProfileWithLoadMoreIndicator-light.png */ = {isa = PBXFileReference; lastKnownFileType = image.png; path = "UserProfileWithLoadMoreIndicator-light.png"; sourceTree = "<group>"; };
		63D146C527462E3300C3DB7E /* LoadMoreCellController.swift */ = {isa = PBXFileReference; lastKnownFileType = sourcecode.swift; path = LoadMoreCellController.swift; sourceTree = "<group>"; };
		63D146C727462E5300C3DB7E /* LoadMoreCell.swift */ = {isa = PBXFileReference; lastKnownFileType = sourcecode.swift; path = LoadMoreCell.swift; sourceTree = "<group>"; };
		63D146C92746319700C3DB7E /* UserProfileWithLoadMoreError-dark.png */ = {isa = PBXFileReference; lastKnownFileType = image.png; path = "UserProfileWithLoadMoreError-dark.png"; sourceTree = "<group>"; };
		63D146CA2746319700C3DB7E /* UserProfileWithLoadMoreError-light.png */ = {isa = PBXFileReference; lastKnownFileType = image.png; path = "UserProfileWithLoadMoreError-light.png"; sourceTree = "<group>"; };
		63F5534D270FF26C0002FA50 /* GitHubAPIApp.app */ = {isa = PBXFileReference; explicitFileType = wrapper.application; includeInIndex = 0; path = GitHubAPIApp.app; sourceTree = BUILT_PRODUCTS_DIR; };
		63F55350270FF26C0002FA50 /* AppDelegate.swift */ = {isa = PBXFileReference; lastKnownFileType = sourcecode.swift; path = AppDelegate.swift; sourceTree = "<group>"; };
		63F55352270FF26C0002FA50 /* SceneDelegate.swift */ = {isa = PBXFileReference; lastKnownFileType = sourcecode.swift; path = SceneDelegate.swift; sourceTree = "<group>"; };
		63F55354270FF26C0002FA50 /* ListViewController.swift */ = {isa = PBXFileReference; lastKnownFileType = sourcecode.swift; path = ListViewController.swift; sourceTree = "<group>"; };
		63F55359270FF26E0002FA50 /* Assets.xcassets */ = {isa = PBXFileReference; lastKnownFileType = folder.assetcatalog; path = Assets.xcassets; sourceTree = "<group>"; };
		63F5535C270FF26E0002FA50 /* Base */ = {isa = PBXFileReference; lastKnownFileType = file.storyboard; name = Base; path = Base.lproj/LaunchScreen.storyboard; sourceTree = "<group>"; };
		63F5535E270FF26E0002FA50 /* Info.plist */ = {isa = PBXFileReference; lastKnownFileType = text.plist.xml; path = Info.plist; sourceTree = "<group>"; };
		63F55363270FF26F0002FA50 /* GitHubAPIAppTests.xctest */ = {isa = PBXFileReference; explicitFileType = wrapper.cfbundle; includeInIndex = 0; path = GitHubAPIAppTests.xctest; sourceTree = BUILT_PRODUCTS_DIR; };
		63F55367270FF26F0002FA50 /* UserProfileUIIntegrationTests.swift */ = {isa = PBXFileReference; lastKnownFileType = sourcecode.swift; path = UserProfileUIIntegrationTests.swift; sourceTree = "<group>"; };
		6754D14B790EB69F7E968696 /* Pods-GitHubAPIApp.release.xcconfig */ = {isa = PBXFileReference; includeInIndex = 1; lastKnownFileType = text.xcconfig; name = "Pods-GitHubAPIApp.release.xcconfig"; path = "Target Support Files/Pods-GitHubAPIApp/Pods-GitHubAPIApp.release.xcconfig"; sourceTree = "<group>"; };
		901878BAB19BF7715F5C362B /* Pods_GitHubAPIAppTests.framework */ = {isa = PBXFileReference; explicitFileType = wrapper.framework; includeInIndex = 0; path = Pods_GitHubAPIAppTests.framework; sourceTree = BUILT_PRODUCTS_DIR; };
		9B92AEE693BF5EB47E0BC714 /* Pods-GitHubAPIApp.debug.xcconfig */ = {isa = PBXFileReference; includeInIndex = 1; lastKnownFileType = text.xcconfig; name = "Pods-GitHubAPIApp.debug.xcconfig"; path = "Target Support Files/Pods-GitHubAPIApp/Pods-GitHubAPIApp.debug.xcconfig"; sourceTree = "<group>"; };
		F2685DDDF01EADCE5E467DBA /* Pods-GitHubAPIAppTests.release.xcconfig */ = {isa = PBXFileReference; includeInIndex = 1; lastKnownFileType = text.xcconfig; name = "Pods-GitHubAPIAppTests.release.xcconfig"; path = "Target Support Files/Pods-GitHubAPIAppTests/Pods-GitHubAPIAppTests.release.xcconfig"; sourceTree = "<group>"; };
/* End PBXFileReference section */

/* Begin PBXFrameworksBuildPhase section */
		63D146A22746117F00C3DB7E /* Frameworks */ = {
			isa = PBXFrameworksBuildPhase;
			buildActionMask = 2147483647;
			files = (
			);
			runOnlyForDeploymentPostprocessing = 0;
		};
		63F5534A270FF26C0002FA50 /* Frameworks */ = {
			isa = PBXFrameworksBuildPhase;
			buildActionMask = 2147483647;
			files = (
				63547AA9272BB699001CE31F /* GitHubAPI.framework in Frameworks */,
				01D0246486FAD663A8B0AE6A /* Pods_GitHubAPIApp.framework in Frameworks */,
			);
			runOnlyForDeploymentPostprocessing = 0;
		};
		63F55360270FF26F0002FA50 /* Frameworks */ = {
			isa = PBXFrameworksBuildPhase;
			buildActionMask = 2147483647;
			files = (
				D912BA7AF50C4F92249A684A /* Pods_GitHubAPIAppTests.framework in Frameworks */,
			);
			runOnlyForDeploymentPostprocessing = 0;
		};
/* End PBXFrameworksBuildPhase section */

/* Begin PBXGroup section */
		28185C78AA9B4FBAC94FD53B /* Frameworks */ = {
			isa = PBXGroup;
			children = (
				63547AA8272BB699001CE31F /* GitHubAPI.framework */,
				63547AA4272BB5FC001CE31F /* Alamofire.framework */,
				63547A9C272BB3E7001CE31F /* GitHubAPI.framework */,
				63547A94272A9CE4001CE31F /* GitHubAPI.framework */,
				4962640D7AF621FF379AC075 /* Pods_GitHubAPIApp.framework */,
				901878BAB19BF7715F5C362B /* Pods_GitHubAPIAppTests.framework */,
			);
			name = Frameworks;
			sourceTree = "<group>";
		};
		6325F2B5274107A000C02429 /* UseProfileUI */ = {
			isa = PBXGroup;
			children = (
				6325F2D52744009100C02429 /* ColorPalette.swift */,
				63737FDF274BB9FD003FD251 /* ViewModels */,
				63737FE0274BBCE3003FD251 /* Controllers */,
				63737FDE274BB9D2003FD251 /* Views */,
			);
			path = UseProfileUI;
			sourceTree = "<group>";
		};
		6325F2B6274107C500C02429 /* UI */ = {
			isa = PBXGroup;
			children = (
				6325F2B7274107D600C02429 /* Shared */,
				6325F2B5274107A000C02429 /* UseProfileUI */,
			);
			path = UI;
			sourceTree = "<group>";
		};
		6325F2B7274107D600C02429 /* Shared */ = {
			isa = PBXGroup;
			children = (
				634DE998274CF10B000FC6E2 /* Helpers */,
				634DE997274CF0FF000FC6E2 /* ViewModels */,
				634DE996274CF0F1000FC6E2 /* Controllers */,
			);
			path = Shared;
			sourceTree = "<group>";
		};
		6325F2BC2741F35400C02429 /* Composer */ = {
			isa = PBXGroup;
			children = (
				6325F2B32741073300C02429 /* UserProfileLoader.swift */,
				632B0C8427395ADD00AA290E /* UserProfileUIComposer.swift */,
			);
			path = Composer;
			sourceTree = "<group>";
		};
		6325F2C3274262BF00C02429 /* Helpers */ = {
			isa = PBXGroup;
			children = (
				634DE9A3274E29F8000FC6E2 /* Helpers.swift */,
				634DE99F274CFAEB000FC6E2 /* XCTestCase+Helpers.swift */,
				634DE99B274CF97C000FC6E2 /* Collection+TestHelpers.swift */,
				6325F2C12742617C00C02429 /* UIImage+TestHelpers.swift */,
				6325F2BF274260F700C02429 /* UserProfileCell+TestHelpers.swift */,
				6325F2BD2742543600C02429 /* UserProfileViewController+TestHelpers.swift */,
				634DE999274CF8E7000FC6E2 /* UserProfileUIIntegrationTests+LoaderSpy.swift */,
				634DE99D274CFA5C000FC6E2 /* UserProfileUIIntegrationTests+Assertions.swift */,
			);
			path = Helpers;
			sourceTree = "<group>";
		};
		634DE996274CF0F1000FC6E2 /* Controllers */ = {
			isa = PBXGroup;
			children = (
				632B0C82273805AB00AA290E /* RefreshController.swift */,
				63F55354270FF26C0002FA50 /* ListViewController.swift */,
				63923154273CE70E000532C5 /* CellController.swift */,
			);
			path = Controllers;
			sourceTree = "<group>";
		};
		634DE997274CF0FF000FC6E2 /* ViewModels */ = {
			isa = PBXGroup;
			children = (
				632B0C8A273A914D00AA290E /* RefreshViewModel.swift */,
			);
			path = ViewModels;
			sourceTree = "<group>";
		};
		634DE998274CF10B000FC6E2 /* Helpers */ = {
			isa = PBXGroup;
			children = (
				632B0C7E2737E1FD00AA290E /* UITableView+ReusingCell.swift */,
				6325F2D32743F12600C02429 /* UIColor+DarkModeSupport.swift */,
				63D146BF2746270800C3DB7E /* UITableView+DummyHelpers.swift */,
			);
			path = Helpers;
			sourceTree = "<group>";
		};
		63737FDE274BB9D2003FD251 /* Views */ = {
			isa = PBXGroup;
			children = (
				632B0C7C2737D76F00AA290E /* UserProfileCell.swift */,
				63D146C727462E5300C3DB7E /* LoadMoreCell.swift */,
			);
			path = Views;
			sourceTree = "<group>";
		};
		63737FDF274BB9FD003FD251 /* ViewModels */ = {
			isa = PBXGroup;
			children = (
				632B0C88273A78C600AA290E /* UserProfileViewModel.swift */,
				63737FDC274B5167003FD251 /* LoadMoreViewModel.swift */,
			);
			path = ViewModels;
			sourceTree = "<group>";
		};
		63737FE0274BBCE3003FD251 /* Controllers */ = {
			isa = PBXGroup;
			children = (
				632B0C802737F4DB00AA290E /* UserProfileCellController.swift */,
				63D146C527462E3300C3DB7E /* LoadMoreCellController.swift */,
			);
			path = Controllers;
			sourceTree = "<group>";
		};
		63923163273D593A000532C5 /* snapshots */ = {
			isa = PBXGroup;
			children = (
				6392316E273E725D000532C5 /* UserProfileCell-retryButton.png */,
				6392316C273E6ED7000532C5 /* UserProfileCell-avatarLoading.png */,
				63923169273E6807000532C5 /* UserProfileCell-siteAdmin.png */,
				63923168273E6807000532C5 /* UserProfileCell.png */,
				6325F2C72742A6A000C02429 /* EmptyUserProfiles-dark.png */,
				6325F2C82742A6A000C02429 /* EmptyUserProfiles-light.png */,
				6325F2CB27434E8A00C02429 /* UserProfilesWithContent-dark.png */,
				6325F2CC27434E8A00C02429 /* UserProfilesWithContent-light.png */,
				6325F2CF2743EC7900C02429 /* UserProfileWithFailedAvatarLoading-dark.png */,
				6325F2D02743EC7900C02429 /* UserProfileWithFailedAvatarLoading-light.png */,
				6325F2D72744C88E00C02429 /* UserProfileWhileAvatarLoading-dark.png */,
				6325F2D82744C88E00C02429 /* UserProfileWhileAvatarLoading-light.png */,
				63D146C127462A5200C3DB7E /* UserProfileWithLoadMoreIndicator-dark.png */,
				63D146C227462A5200C3DB7E /* UserProfileWithLoadMoreIndicator-light.png */,
				63D146C92746319700C3DB7E /* UserProfileWithLoadMoreError-dark.png */,
				63D146CA2746319700C3DB7E /* UserProfileWithLoadMoreError-light.png */,
			);
			path = snapshots;
			sourceTree = "<group>";
		};
		63D146A62746117F00C3DB7E /* GitHubAPISnapshotTests */ = {
			isa = PBXGroup;
			children = (
				63D146BC2746131700C3DB7E /* TestHelpers */,
				63923163273D593A000532C5 /* snapshots */,
				63923161273D57BA000532C5 /* UserProfileCellSnapshotTest.swift */,
				6325F2C52742A16E00C02429 /* UserProfileViewControllerSnapshotTests.swift */,
			);
			path = GitHubAPISnapshotTests;
			sourceTree = "<group>";
		};
		63D146BC2746131700C3DB7E /* TestHelpers */ = {
			isa = PBXGroup;
			children = (
				6392315E273D55C4000532C5 /* UIView+Snapshot.swift */,
				63D146BD274614ED00C3DB7E /* UIImage+TestHelpers.swift */,
				63923159273D55AC000532C5 /* UIViewController+Snapshot.swift */,
				63923158273D55AC000532C5 /* XCTestCase+Snapshot.swift */,
				63923166273E604D000532C5 /* TableViewCellSnapshotContainer.swift */,
			);
			path = TestHelpers;
			sourceTree = "<group>";
		};
		63F55344270FF26B0002FA50 = {
			isa = PBXGroup;
			children = (
				63F5534F270FF26C0002FA50 /* GitHubAPIApp */,
				63F55366270FF26F0002FA50 /* GitHubAPIAppTests */,
				63D146A62746117F00C3DB7E /* GitHubAPISnapshotTests */,
				63F5534E270FF26C0002FA50 /* Products */,
				28185C78AA9B4FBAC94FD53B /* Frameworks */,
				F2B1D8559E92BDCE11B14566 /* Pods */,
			);
			sourceTree = "<group>";
		};
		63F5534E270FF26C0002FA50 /* Products */ = {
			isa = PBXGroup;
			children = (
				63F5534D270FF26C0002FA50 /* GitHubAPIApp.app */,
				63F55363270FF26F0002FA50 /* GitHubAPIAppTests.xctest */,
				63D146A52746117F00C3DB7E /* GitHubAPISnapshotTests.xctest */,
			);
			name = Products;
			sourceTree = "<group>";
		};
		63F5534F270FF26C0002FA50 /* GitHubAPIApp */ = {
			isa = PBXGroup;
			children = (
				6325F2BC2741F35400C02429 /* Composer */,
				632B0C94273C274600AA290E /* UserProfileLoaderViewModelAdapter.swift */,
				63737FDA274B50DD003FD251 /* ImageDataLoaderCacheDecorator.swift */,
				63F55350270FF26C0002FA50 /* AppDelegate.swift */,
				63F55352270FF26C0002FA50 /* SceneDelegate.swift */,
				6325F2B6274107C500C02429 /* UI */,
				63F55359270FF26E0002FA50 /* Assets.xcassets */,
				63F5535B270FF26E0002FA50 /* LaunchScreen.storyboard */,
				63F5535E270FF26E0002FA50 /* Info.plist */,
			);
			path = GitHubAPIApp;
			sourceTree = "<group>";
		};
		63F55366270FF26F0002FA50 /* GitHubAPIAppTests */ = {
			isa = PBXGroup;
			children = (
				6325F2C3274262BF00C02429 /* Helpers */,
				6325F2B8274138A600C02429 /* SceneDelegateTests.swift */,
				63F55367270FF26F0002FA50 /* UserProfileUIIntegrationTests.swift */,
				634DE9A1274D0752000FC6E2 /* ImageDataLoaderCacheDecoratorTests.swift */,
			);
			path = GitHubAPIAppTests;
			sourceTree = "<group>";
		};
		F2B1D8559E92BDCE11B14566 /* Pods */ = {
			isa = PBXGroup;
			children = (
				9B92AEE693BF5EB47E0BC714 /* Pods-GitHubAPIApp.debug.xcconfig */,
				6754D14B790EB69F7E968696 /* Pods-GitHubAPIApp.release.xcconfig */,
				20ADFD321C7AE295CD180E2C /* Pods-GitHubAPIAppTests.debug.xcconfig */,
				F2685DDDF01EADCE5E467DBA /* Pods-GitHubAPIAppTests.release.xcconfig */,
			);
			name = Pods;
			path = ../Pods;
			sourceTree = "<group>";
		};
/* End PBXGroup section */

/* Begin PBXNativeTarget section */
		63D146A42746117F00C3DB7E /* GitHubAPISnapshotTests */ = {
			isa = PBXNativeTarget;
			buildConfigurationList = 63D146AD2746117F00C3DB7E /* Build configuration list for PBXNativeTarget "GitHubAPISnapshotTests" */;
			buildPhases = (
				63D146A12746117F00C3DB7E /* Sources */,
				63D146A22746117F00C3DB7E /* Frameworks */,
				63D146A32746117F00C3DB7E /* Resources */,
			);
			buildRules = (
			);
			dependencies = (
				63D146AA2746117F00C3DB7E /* PBXTargetDependency */,
			);
			name = GitHubAPISnapshotTests;
			productName = GitHubAPISnapshotTests;
			productReference = 63D146A52746117F00C3DB7E /* GitHubAPISnapshotTests.xctest */;
			productType = "com.apple.product-type.bundle.unit-test";
		};
		63F5534C270FF26C0002FA50 /* GitHubAPIApp */ = {
			isa = PBXNativeTarget;
			buildConfigurationList = 63F55377270FF26F0002FA50 /* Build configuration list for PBXNativeTarget "GitHubAPIApp" */;
			buildPhases = (
				E73DA15F1A7163F5EC877BDE /* [CP] Check Pods Manifest.lock */,
				63F55349270FF26C0002FA50 /* Sources */,
				63F5534A270FF26C0002FA50 /* Frameworks */,
				63F5534B270FF26C0002FA50 /* Resources */,
				19F475CFBB70259ECA26911E /* [CP] Embed Pods Frameworks */,
				63547AAB272BB69A001CE31F /* Embed Frameworks */,
			);
			buildRules = (
			);
			dependencies = (
			);
			name = GitHubAPIApp;
			productName = GitHubAPIApp;
			productReference = 63F5534D270FF26C0002FA50 /* GitHubAPIApp.app */;
			productType = "com.apple.product-type.application";
		};
		63F55362270FF26F0002FA50 /* GitHubAPIAppTests */ = {
			isa = PBXNativeTarget;
			buildConfigurationList = 63F5537A270FF26F0002FA50 /* Build configuration list for PBXNativeTarget "GitHubAPIAppTests" */;
			buildPhases = (
				D78C275D00508509C90A6CA1 /* [CP] Check Pods Manifest.lock */,
				63F5535F270FF26F0002FA50 /* Sources */,
				63F55360270FF26F0002FA50 /* Frameworks */,
				63F55361270FF26F0002FA50 /* Resources */,
				F09CFC9EE3F3042C785AD88A /* [CP] Embed Pods Frameworks */,
			);
			buildRules = (
			);
			dependencies = (
				63F55365270FF26F0002FA50 /* PBXTargetDependency */,
			);
			name = GitHubAPIAppTests;
			productName = GitHubAPIAppTests;
			productReference = 63F55363270FF26F0002FA50 /* GitHubAPIAppTests.xctest */;
			productType = "com.apple.product-type.bundle.unit-test";
		};
/* End PBXNativeTarget section */

/* Begin PBXProject section */
		63F55345270FF26B0002FA50 /* Project object */ = {
			isa = PBXProject;
			attributes = {
				BuildIndependentTargetsInParallel = 1;
				LastSwiftUpdateCheck = 1300;
				LastUpgradeCheck = 1300;
				TargetAttributes = {
					63D146A42746117F00C3DB7E = {
						CreatedOnToolsVersion = 13.0;
						TestTargetID = 63F5534C270FF26C0002FA50;
					};
					63F5534C270FF26C0002FA50 = {
						CreatedOnToolsVersion = 13.0;
					};
					63F55362270FF26F0002FA50 = {
						CreatedOnToolsVersion = 13.0;
						TestTargetID = 63F5534C270FF26C0002FA50;
					};
				};
			};
			buildConfigurationList = 63F55348270FF26B0002FA50 /* Build configuration list for PBXProject "GitHubAPIApp" */;
			compatibilityVersion = "Xcode 13.0";
			developmentRegion = en;
			hasScannedForEncodings = 0;
			knownRegions = (
				en,
				Base,
			);
			mainGroup = 63F55344270FF26B0002FA50;
			productRefGroup = 63F5534E270FF26C0002FA50 /* Products */;
			projectDirPath = "";
			projectRoot = "";
			targets = (
				63F5534C270FF26C0002FA50 /* GitHubAPIApp */,
				63F55362270FF26F0002FA50 /* GitHubAPIAppTests */,
				63D146A42746117F00C3DB7E /* GitHubAPISnapshotTests */,
			);
		};
/* End PBXProject section */

/* Begin PBXResourcesBuildPhase section */
		63D146A32746117F00C3DB7E /* Resources */ = {
			isa = PBXResourcesBuildPhase;
			buildActionMask = 2147483647;
			files = (
				63D146C427462A5200C3DB7E /* UserProfileWithLoadMoreIndicator-light.png in Resources */,
				63D146C327462A5200C3DB7E /* UserProfileWithLoadMoreIndicator-dark.png in Resources */,
				63D146CB2746319700C3DB7E /* UserProfileWithLoadMoreError-dark.png in Resources */,
				63D146CC2746319700C3DB7E /* UserProfileWithLoadMoreError-light.png in Resources */,
			);
			runOnlyForDeploymentPostprocessing = 0;
		};
		63F5534B270FF26C0002FA50 /* Resources */ = {
			isa = PBXResourcesBuildPhase;
			buildActionMask = 2147483647;
			files = (
				63F5535D270FF26E0002FA50 /* LaunchScreen.storyboard in Resources */,
				63F5535A270FF26E0002FA50 /* Assets.xcassets in Resources */,
			);
			runOnlyForDeploymentPostprocessing = 0;
		};
		63F55361270FF26F0002FA50 /* Resources */ = {
			isa = PBXResourcesBuildPhase;
			buildActionMask = 2147483647;
			files = (
				6392316A273E6808000532C5 /* UserProfileCell.png in Resources */,
				6325F2CE27434E8A00C02429 /* UserProfilesWithContent-light.png in Resources */,
				6325F2CA2742A6A000C02429 /* EmptyUserProfiles-light.png in Resources */,
				6325F2D12743EC7900C02429 /* UserProfileWithFailedAvatarLoading-dark.png in Resources */,
				6325F2D92744C88E00C02429 /* UserProfileWhileAvatarLoading-dark.png in Resources */,
				6325F2D22743EC7900C02429 /* UserProfileWithFailedAvatarLoading-light.png in Resources */,
				6392316F273E725D000532C5 /* UserProfileCell-retryButton.png in Resources */,
				6392316B273E6808000532C5 /* UserProfileCell-siteAdmin.png in Resources */,
				6325F2C92742A6A000C02429 /* EmptyUserProfiles-dark.png in Resources */,
				6325F2DA2744C88E00C02429 /* UserProfileWhileAvatarLoading-light.png in Resources */,
				6325F2CD27434E8A00C02429 /* UserProfilesWithContent-dark.png in Resources */,
				6392316D273E6ED7000532C5 /* UserProfileCell-avatarLoading.png in Resources */,
			);
			runOnlyForDeploymentPostprocessing = 0;
		};
/* End PBXResourcesBuildPhase section */

/* Begin PBXShellScriptBuildPhase section */
		19F475CFBB70259ECA26911E /* [CP] Embed Pods Frameworks */ = {
			isa = PBXShellScriptBuildPhase;
			buildActionMask = 2147483647;
			files = (
			);
			inputFileListPaths = (
				"${PODS_ROOT}/Target Support Files/Pods-GitHubAPIApp/Pods-GitHubAPIApp-frameworks-${CONFIGURATION}-input-files.xcfilelist",
			);
			name = "[CP] Embed Pods Frameworks";
			outputFileListPaths = (
				"${PODS_ROOT}/Target Support Files/Pods-GitHubAPIApp/Pods-GitHubAPIApp-frameworks-${CONFIGURATION}-output-files.xcfilelist",
			);
			runOnlyForDeploymentPostprocessing = 0;
			shellPath = /bin/sh;
			shellScript = "\"${PODS_ROOT}/Target Support Files/Pods-GitHubAPIApp/Pods-GitHubAPIApp-frameworks.sh\"\n";
			showEnvVarsInLog = 0;
		};
		D78C275D00508509C90A6CA1 /* [CP] Check Pods Manifest.lock */ = {
			isa = PBXShellScriptBuildPhase;
			buildActionMask = 2147483647;
			files = (
			);
			inputFileListPaths = (
			);
			inputPaths = (
				"${PODS_PODFILE_DIR_PATH}/Podfile.lock",
				"${PODS_ROOT}/Manifest.lock",
			);
			name = "[CP] Check Pods Manifest.lock";
			outputFileListPaths = (
			);
			outputPaths = (
				"$(DERIVED_FILE_DIR)/Pods-GitHubAPIAppTests-checkManifestLockResult.txt",
			);
			runOnlyForDeploymentPostprocessing = 0;
			shellPath = /bin/sh;
			shellScript = "diff \"${PODS_PODFILE_DIR_PATH}/Podfile.lock\" \"${PODS_ROOT}/Manifest.lock\" > /dev/null\nif [ $? != 0 ] ; then\n    # print error to STDERR\n    echo \"error: The sandbox is not in sync with the Podfile.lock. Run 'pod install' or update your CocoaPods installation.\" >&2\n    exit 1\nfi\n# This output is used by Xcode 'outputs' to avoid re-running this script phase.\necho \"SUCCESS\" > \"${SCRIPT_OUTPUT_FILE_0}\"\n";
			showEnvVarsInLog = 0;
		};
		E73DA15F1A7163F5EC877BDE /* [CP] Check Pods Manifest.lock */ = {
			isa = PBXShellScriptBuildPhase;
			buildActionMask = 2147483647;
			files = (
			);
			inputFileListPaths = (
			);
			inputPaths = (
				"${PODS_PODFILE_DIR_PATH}/Podfile.lock",
				"${PODS_ROOT}/Manifest.lock",
			);
			name = "[CP] Check Pods Manifest.lock";
			outputFileListPaths = (
			);
			outputPaths = (
				"$(DERIVED_FILE_DIR)/Pods-GitHubAPIApp-checkManifestLockResult.txt",
			);
			runOnlyForDeploymentPostprocessing = 0;
			shellPath = /bin/sh;
			shellScript = "diff \"${PODS_PODFILE_DIR_PATH}/Podfile.lock\" \"${PODS_ROOT}/Manifest.lock\" > /dev/null\nif [ $? != 0 ] ; then\n    # print error to STDERR\n    echo \"error: The sandbox is not in sync with the Podfile.lock. Run 'pod install' or update your CocoaPods installation.\" >&2\n    exit 1\nfi\n# This output is used by Xcode 'outputs' to avoid re-running this script phase.\necho \"SUCCESS\" > \"${SCRIPT_OUTPUT_FILE_0}\"\n";
			showEnvVarsInLog = 0;
		};
		F09CFC9EE3F3042C785AD88A /* [CP] Embed Pods Frameworks */ = {
			isa = PBXShellScriptBuildPhase;
			buildActionMask = 2147483647;
			files = (
			);
			inputFileListPaths = (
				"${PODS_ROOT}/Target Support Files/Pods-GitHubAPIAppTests/Pods-GitHubAPIAppTests-frameworks-${CONFIGURATION}-input-files.xcfilelist",
			);
			name = "[CP] Embed Pods Frameworks";
			outputFileListPaths = (
				"${PODS_ROOT}/Target Support Files/Pods-GitHubAPIAppTests/Pods-GitHubAPIAppTests-frameworks-${CONFIGURATION}-output-files.xcfilelist",
			);
			runOnlyForDeploymentPostprocessing = 0;
			shellPath = /bin/sh;
			shellScript = "\"${PODS_ROOT}/Target Support Files/Pods-GitHubAPIAppTests/Pods-GitHubAPIAppTests-frameworks.sh\"\n";
			showEnvVarsInLog = 0;
		};
/* End PBXShellScriptBuildPhase section */

/* Begin PBXSourcesBuildPhase section */
		63D146A12746117F00C3DB7E /* Sources */ = {
			isa = PBXSourcesBuildPhase;
			buildActionMask = 2147483647;
			files = (
				63D146AF2746119800C3DB7E /* UserProfileViewControllerSnapshotTests.swift in Sources */,
				63D146B92746125500C3DB7E /* XCTestCase+Snapshot.swift in Sources */,
				63D146BB274612B000C3DB7E /* UserProfileCellSnapshotTest.swift in Sources */,
				63D146BE274614ED00C3DB7E /* UIImage+TestHelpers.swift in Sources */,
				63D146B62746125500C3DB7E /* UIViewController+Snapshot.swift in Sources */,
				63D146B52746125500C3DB7E /* UIView+Snapshot.swift in Sources */,
				63D146B72746125500C3DB7E /* TableViewCellSnapshotContainer.swift in Sources */,
			);
			runOnlyForDeploymentPostprocessing = 0;
		};
		63F55349270FF26C0002FA50 /* Sources */ = {
			isa = PBXSourcesBuildPhase;
			buildActionMask = 2147483647;
			files = (
				63D146C627462E3300C3DB7E /* LoadMoreCellController.swift in Sources */,
				632B0C7D2737D76F00AA290E /* UserProfileCell.swift in Sources */,
				6325F2B42741073300C02429 /* UserProfileLoader.swift in Sources */,
				632B0C83273805AB00AA290E /* RefreshController.swift in Sources */,
				63F55355270FF26C0002FA50 /* ListViewController.swift in Sources */,
				63D146C02746270800C3DB7E /* UITableView+DummyHelpers.swift in Sources */,
				63D146C827462E5300C3DB7E /* LoadMoreCell.swift in Sources */,
				63923155273CE70E000532C5 /* CellController.swift in Sources */,
				63F55351270FF26C0002FA50 /* AppDelegate.swift in Sources */,
				632B0C8527395ADD00AA290E /* UserProfileUIComposer.swift in Sources */,
				6325F2D42743F12600C02429 /* UIColor+DarkModeSupport.swift in Sources */,
				632B0C95273C274700AA290E /* UserProfileLoaderViewModelAdapter.swift in Sources */,
				63F55353270FF26C0002FA50 /* SceneDelegate.swift in Sources */,
				63737FDB274B50DD003FD251 /* ImageDataLoaderCacheDecorator.swift in Sources */,
				6325F2D62744009100C02429 /* ColorPalette.swift in Sources */,
				632B0C812737F4DB00AA290E /* UserProfileCellController.swift in Sources */,
				632B0C7F2737E1FD00AA290E /* UITableView+ReusingCell.swift in Sources */,
				63737FDD274B5167003FD251 /* LoadMoreViewModel.swift in Sources */,
				632B0C89273A78C600AA290E /* UserProfileViewModel.swift in Sources */,
				632B0C8B273A914D00AA290E /* RefreshViewModel.swift in Sources */,
			);
			runOnlyForDeploymentPostprocessing = 0;
		};
		63F5535F270FF26F0002FA50 /* Sources */ = {
			isa = PBXSourcesBuildPhase;
			buildActionMask = 2147483647;
			files = (
				63D146B32746123F00C3DB7E /* UserProfileCell+TestHelpers.swift in Sources */,
				63D146B0274611A000C3DB7E /* UserProfileUIIntegrationTests.swift in Sources */,
				63D146BA2746128E00C3DB7E /* UserProfileViewController+TestHelpers.swift in Sources */,
				634DE9A2274D0752000FC6E2 /* ImageDataLoaderCacheDecoratorTests.swift in Sources */,
				634DE9A4274E29F8000FC6E2 /* Helpers.swift in Sources */,
				6325F2B9274138A600C02429 /* SceneDelegateTests.swift in Sources */,
				634DE9A0274CFAEB000FC6E2 /* XCTestCase+Helpers.swift in Sources */,
				634DE99E274CFA5C000FC6E2 /* UserProfileUIIntegrationTests+Assertions.swift in Sources */,
				6325F2C22742617C00C02429 /* UIImage+TestHelpers.swift in Sources */,
				634DE99C274CF97C000FC6E2 /* Collection+TestHelpers.swift in Sources */,
				634DE99A274CF8E7000FC6E2 /* UserProfileUIIntegrationTests+LoaderSpy.swift in Sources */,
			);
			runOnlyForDeploymentPostprocessing = 0;
		};
/* End PBXSourcesBuildPhase section */

/* Begin PBXTargetDependency section */
		63D146AA2746117F00C3DB7E /* PBXTargetDependency */ = {
			isa = PBXTargetDependency;
			target = 63F5534C270FF26C0002FA50 /* GitHubAPIApp */;
			targetProxy = 63D146A92746117F00C3DB7E /* PBXContainerItemProxy */;
		};
		63F55365270FF26F0002FA50 /* PBXTargetDependency */ = {
			isa = PBXTargetDependency;
			target = 63F5534C270FF26C0002FA50 /* GitHubAPIApp */;
			targetProxy = 63F55364270FF26F0002FA50 /* PBXContainerItemProxy */;
		};
/* End PBXTargetDependency section */

/* Begin PBXVariantGroup section */
		63F5535B270FF26E0002FA50 /* LaunchScreen.storyboard */ = {
			isa = PBXVariantGroup;
			children = (
				63F5535C270FF26E0002FA50 /* Base */,
			);
			name = LaunchScreen.storyboard;
			sourceTree = "<group>";
		};
/* End PBXVariantGroup section */

/* Begin XCBuildConfiguration section */
		63D146AB2746117F00C3DB7E /* Debug */ = {
			isa = XCBuildConfiguration;
			buildSettings = {
				BUNDLE_LOADER = "$(TEST_HOST)";
				CODE_SIGN_STYLE = Automatic;
				CURRENT_PROJECT_VERSION = 1;
				DEVELOPMENT_TEAM = 7S9CF6BJNF;
				GENERATE_INFOPLIST_FILE = YES;
				IPHONEOS_DEPLOYMENT_TARGET = 15.0;
				LD_RUNPATH_SEARCH_PATHS = (
					"$(inherited)",
					"@executable_path/Frameworks",
					"@loader_path/Frameworks",
				);
				MARKETING_VERSION = 1.0;
				PRODUCT_BUNDLE_IDENTIFIER = paul.lee.dev.GitHubAPISnapshotTests;
				PRODUCT_NAME = "$(TARGET_NAME)";
				SWIFT_EMIT_LOC_STRINGS = NO;
				SWIFT_VERSION = 5.0;
				TARGETED_DEVICE_FAMILY = "1,2";
				TEST_HOST = "$(BUILT_PRODUCTS_DIR)/GitHubAPIApp.app/GitHubAPIApp";
			};
			name = Debug;
		};
		63D146AC2746117F00C3DB7E /* Release */ = {
			isa = XCBuildConfiguration;
			buildSettings = {
				BUNDLE_LOADER = "$(TEST_HOST)";
				CODE_SIGN_STYLE = Automatic;
				CURRENT_PROJECT_VERSION = 1;
				DEVELOPMENT_TEAM = 7S9CF6BJNF;
				GENERATE_INFOPLIST_FILE = YES;
				IPHONEOS_DEPLOYMENT_TARGET = 15.0;
				LD_RUNPATH_SEARCH_PATHS = (
					"$(inherited)",
					"@executable_path/Frameworks",
					"@loader_path/Frameworks",
				);
				MARKETING_VERSION = 1.0;
				PRODUCT_BUNDLE_IDENTIFIER = paul.lee.dev.GitHubAPISnapshotTests;
				PRODUCT_NAME = "$(TARGET_NAME)";
				SWIFT_EMIT_LOC_STRINGS = NO;
				SWIFT_VERSION = 5.0;
				TARGETED_DEVICE_FAMILY = "1,2";
				TEST_HOST = "$(BUILT_PRODUCTS_DIR)/GitHubAPIApp.app/GitHubAPIApp";
			};
			name = Release;
		};
		63F55375270FF26F0002FA50 /* Debug */ = {
			isa = XCBuildConfiguration;
			buildSettings = {
				ALWAYS_SEARCH_USER_PATHS = NO;
				CLANG_ANALYZER_NONNULL = YES;
				CLANG_ANALYZER_NUMBER_OBJECT_CONVERSION = YES_AGGRESSIVE;
				CLANG_CXX_LANGUAGE_STANDARD = "gnu++17";
				CLANG_CXX_LIBRARY = "libc++";
				CLANG_ENABLE_MODULES = YES;
				CLANG_ENABLE_OBJC_ARC = YES;
				CLANG_ENABLE_OBJC_WEAK = YES;
				CLANG_WARN_BLOCK_CAPTURE_AUTORELEASING = YES;
				CLANG_WARN_BOOL_CONVERSION = YES;
				CLANG_WARN_COMMA = YES;
				CLANG_WARN_CONSTANT_CONVERSION = YES;
				CLANG_WARN_DEPRECATED_OBJC_IMPLEMENTATIONS = YES;
				CLANG_WARN_DIRECT_OBJC_ISA_USAGE = YES_ERROR;
				CLANG_WARN_DOCUMENTATION_COMMENTS = YES;
				CLANG_WARN_EMPTY_BODY = YES;
				CLANG_WARN_ENUM_CONVERSION = YES;
				CLANG_WARN_INFINITE_RECURSION = YES;
				CLANG_WARN_INT_CONVERSION = YES;
				CLANG_WARN_NON_LITERAL_NULL_CONVERSION = YES;
				CLANG_WARN_OBJC_IMPLICIT_RETAIN_SELF = YES;
				CLANG_WARN_OBJC_LITERAL_CONVERSION = YES;
				CLANG_WARN_OBJC_ROOT_CLASS = YES_ERROR;
				CLANG_WARN_QUOTED_INCLUDE_IN_FRAMEWORK_HEADER = YES;
				CLANG_WARN_RANGE_LOOP_ANALYSIS = YES;
				CLANG_WARN_STRICT_PROTOTYPES = YES;
				CLANG_WARN_SUSPICIOUS_MOVE = YES;
				CLANG_WARN_UNGUARDED_AVAILABILITY = YES_AGGRESSIVE;
				CLANG_WARN_UNREACHABLE_CODE = YES;
				CLANG_WARN__DUPLICATE_METHOD_MATCH = YES;
				COPY_PHASE_STRIP = NO;
				DEBUG_INFORMATION_FORMAT = dwarf;
				ENABLE_STRICT_OBJC_MSGSEND = YES;
				ENABLE_TESTABILITY = YES;
				GCC_C_LANGUAGE_STANDARD = gnu11;
				GCC_DYNAMIC_NO_PIC = NO;
				GCC_NO_COMMON_BLOCKS = YES;
				GCC_OPTIMIZATION_LEVEL = 0;
				GCC_PREPROCESSOR_DEFINITIONS = (
					"DEBUG=1",
					"$(inherited)",
				);
				GCC_WARN_64_TO_32_BIT_CONVERSION = YES;
				GCC_WARN_ABOUT_RETURN_TYPE = YES_ERROR;
				GCC_WARN_UNDECLARED_SELECTOR = YES;
				GCC_WARN_UNINITIALIZED_AUTOS = YES_AGGRESSIVE;
				GCC_WARN_UNUSED_FUNCTION = YES;
				GCC_WARN_UNUSED_VARIABLE = YES;
				IPHONEOS_DEPLOYMENT_TARGET = 13.0;
				MTL_ENABLE_DEBUG_INFO = INCLUDE_SOURCE;
				MTL_FAST_MATH = YES;
				ONLY_ACTIVE_ARCH = YES;
				SDKROOT = iphoneos;
				SWIFT_ACTIVE_COMPILATION_CONDITIONS = DEBUG;
				SWIFT_OPTIMIZATION_LEVEL = "-Onone";
			};
			name = Debug;
		};
		63F55376270FF26F0002FA50 /* Release */ = {
			isa = XCBuildConfiguration;
			buildSettings = {
				ALWAYS_SEARCH_USER_PATHS = NO;
				CLANG_ANALYZER_NONNULL = YES;
				CLANG_ANALYZER_NUMBER_OBJECT_CONVERSION = YES_AGGRESSIVE;
				CLANG_CXX_LANGUAGE_STANDARD = "gnu++17";
				CLANG_CXX_LIBRARY = "libc++";
				CLANG_ENABLE_MODULES = YES;
				CLANG_ENABLE_OBJC_ARC = YES;
				CLANG_ENABLE_OBJC_WEAK = YES;
				CLANG_WARN_BLOCK_CAPTURE_AUTORELEASING = YES;
				CLANG_WARN_BOOL_CONVERSION = YES;
				CLANG_WARN_COMMA = YES;
				CLANG_WARN_CONSTANT_CONVERSION = YES;
				CLANG_WARN_DEPRECATED_OBJC_IMPLEMENTATIONS = YES;
				CLANG_WARN_DIRECT_OBJC_ISA_USAGE = YES_ERROR;
				CLANG_WARN_DOCUMENTATION_COMMENTS = YES;
				CLANG_WARN_EMPTY_BODY = YES;
				CLANG_WARN_ENUM_CONVERSION = YES;
				CLANG_WARN_INFINITE_RECURSION = YES;
				CLANG_WARN_INT_CONVERSION = YES;
				CLANG_WARN_NON_LITERAL_NULL_CONVERSION = YES;
				CLANG_WARN_OBJC_IMPLICIT_RETAIN_SELF = YES;
				CLANG_WARN_OBJC_LITERAL_CONVERSION = YES;
				CLANG_WARN_OBJC_ROOT_CLASS = YES_ERROR;
				CLANG_WARN_QUOTED_INCLUDE_IN_FRAMEWORK_HEADER = YES;
				CLANG_WARN_RANGE_LOOP_ANALYSIS = YES;
				CLANG_WARN_STRICT_PROTOTYPES = YES;
				CLANG_WARN_SUSPICIOUS_MOVE = YES;
				CLANG_WARN_UNGUARDED_AVAILABILITY = YES_AGGRESSIVE;
				CLANG_WARN_UNREACHABLE_CODE = YES;
				CLANG_WARN__DUPLICATE_METHOD_MATCH = YES;
				COPY_PHASE_STRIP = NO;
				DEBUG_INFORMATION_FORMAT = "dwarf-with-dsym";
				ENABLE_NS_ASSERTIONS = NO;
				ENABLE_STRICT_OBJC_MSGSEND = YES;
				GCC_C_LANGUAGE_STANDARD = gnu11;
				GCC_NO_COMMON_BLOCKS = YES;
				GCC_WARN_64_TO_32_BIT_CONVERSION = YES;
				GCC_WARN_ABOUT_RETURN_TYPE = YES_ERROR;
				GCC_WARN_UNDECLARED_SELECTOR = YES;
				GCC_WARN_UNINITIALIZED_AUTOS = YES_AGGRESSIVE;
				GCC_WARN_UNUSED_FUNCTION = YES;
				GCC_WARN_UNUSED_VARIABLE = YES;
				IPHONEOS_DEPLOYMENT_TARGET = 13.0;
				MTL_ENABLE_DEBUG_INFO = NO;
				MTL_FAST_MATH = YES;
				SDKROOT = iphoneos;
				SWIFT_COMPILATION_MODE = wholemodule;
				SWIFT_OPTIMIZATION_LEVEL = "-O";
				VALIDATE_PRODUCT = YES;
			};
			name = Release;
		};
		63F55378270FF26F0002FA50 /* Debug */ = {
			isa = XCBuildConfiguration;
			baseConfigurationReference = 9B92AEE693BF5EB47E0BC714 /* Pods-GitHubAPIApp.debug.xcconfig */;
			buildSettings = {
				ASSETCATALOG_COMPILER_APPICON_NAME = AppIcon;
				ASSETCATALOG_COMPILER_GLOBAL_ACCENT_COLOR_NAME = AccentColor;
				CODE_SIGN_STYLE = Automatic;
				CURRENT_PROJECT_VERSION = 1;
				DEVELOPMENT_TEAM = GD49W23PAL;
				GENERATE_INFOPLIST_FILE = YES;
				INFOPLIST_FILE = GitHubAPIApp/Info.plist;
				INFOPLIST_KEY_UIApplicationSupportsIndirectInputEvents = YES;
				INFOPLIST_KEY_UILaunchStoryboardName = LaunchScreen;
				INFOPLIST_KEY_UISupportedInterfaceOrientations_iPad = "UIInterfaceOrientationPortrait UIInterfaceOrientationPortraitUpsideDown UIInterfaceOrientationLandscapeLeft UIInterfaceOrientationLandscapeRight";
				INFOPLIST_KEY_UISupportedInterfaceOrientations_iPhone = "UIInterfaceOrientationPortrait UIInterfaceOrientationLandscapeLeft UIInterfaceOrientationLandscapeRight";
				IPHONEOS_DEPLOYMENT_TARGET = 13.0;
				LD_RUNPATH_SEARCH_PATHS = (
					"$(inherited)",
					"@executable_path/Frameworks",
				);
				MARKETING_VERSION = 1.0;
				PRODUCT_BUNDLE_IDENTIFIER = paul.lee.dev.GitHubAPIApp;
				PRODUCT_NAME = "$(TARGET_NAME)";
				SWIFT_EMIT_LOC_STRINGS = YES;
				SWIFT_VERSION = 5.0;
				TARGETED_DEVICE_FAMILY = "1,2";
			};
			name = Debug;
		};
		63F55379270FF26F0002FA50 /* Release */ = {
			isa = XCBuildConfiguration;
			baseConfigurationReference = 6754D14B790EB69F7E968696 /* Pods-GitHubAPIApp.release.xcconfig */;
			buildSettings = {
				ASSETCATALOG_COMPILER_APPICON_NAME = AppIcon;
				ASSETCATALOG_COMPILER_GLOBAL_ACCENT_COLOR_NAME = AccentColor;
				CODE_SIGN_STYLE = Automatic;
				CURRENT_PROJECT_VERSION = 1;
				DEVELOPMENT_TEAM = GD49W23PAL;
				GENERATE_INFOPLIST_FILE = YES;
				INFOPLIST_FILE = GitHubAPIApp/Info.plist;
				INFOPLIST_KEY_UIApplicationSupportsIndirectInputEvents = YES;
				INFOPLIST_KEY_UILaunchStoryboardName = LaunchScreen;
				INFOPLIST_KEY_UISupportedInterfaceOrientations_iPad = "UIInterfaceOrientationPortrait UIInterfaceOrientationPortraitUpsideDown UIInterfaceOrientationLandscapeLeft UIInterfaceOrientationLandscapeRight";
				INFOPLIST_KEY_UISupportedInterfaceOrientations_iPhone = "UIInterfaceOrientationPortrait UIInterfaceOrientationLandscapeLeft UIInterfaceOrientationLandscapeRight";
				IPHONEOS_DEPLOYMENT_TARGET = 13.0;
				LD_RUNPATH_SEARCH_PATHS = (
					"$(inherited)",
					"@executable_path/Frameworks",
				);
				MARKETING_VERSION = 1.0;
				PRODUCT_BUNDLE_IDENTIFIER = paul.lee.dev.GitHubAPIApp;
				PRODUCT_NAME = "$(TARGET_NAME)";
				SWIFT_EMIT_LOC_STRINGS = YES;
				SWIFT_VERSION = 5.0;
				TARGETED_DEVICE_FAMILY = "1,2";
			};
			name = Release;
		};
		63F5537B270FF26F0002FA50 /* Debug */ = {
			isa = XCBuildConfiguration;
			baseConfigurationReference = 20ADFD321C7AE295CD180E2C /* Pods-GitHubAPIAppTests.debug.xcconfig */;
			buildSettings = {
				ALWAYS_EMBED_SWIFT_STANDARD_LIBRARIES = "$(inherited)";
				BUNDLE_LOADER = "$(TEST_HOST)";
				CODE_SIGN_STYLE = Automatic;
				CURRENT_PROJECT_VERSION = 1;
				DEVELOPMENT_TEAM = 7S9CF6BJNF;
				GENERATE_INFOPLIST_FILE = YES;
				IPHONEOS_DEPLOYMENT_TARGET = 13.0;
				LD_RUNPATH_SEARCH_PATHS = (
					"$(inherited)",
					"@executable_path/Frameworks",
					"@loader_path/Frameworks",
				);
				MARKETING_VERSION = 1.0;
				PRODUCT_BUNDLE_IDENTIFIER = paul.lee.dev.GitHubAPIAppTests;
				PRODUCT_NAME = "$(TARGET_NAME)";
				SWIFT_EMIT_LOC_STRINGS = NO;
				SWIFT_VERSION = 5.0;
				TARGETED_DEVICE_FAMILY = "1,2";
				TEST_HOST = "$(BUILT_PRODUCTS_DIR)/GitHubAPIApp.app/GitHubAPIApp";
			};
			name = Debug;
		};
		63F5537C270FF26F0002FA50 /* Release */ = {
			isa = XCBuildConfiguration;
			baseConfigurationReference = F2685DDDF01EADCE5E467DBA /* Pods-GitHubAPIAppTests.release.xcconfig */;
			buildSettings = {
				ALWAYS_EMBED_SWIFT_STANDARD_LIBRARIES = "$(inherited)";
				BUNDLE_LOADER = "$(TEST_HOST)";
				CODE_SIGN_STYLE = Automatic;
				CURRENT_PROJECT_VERSION = 1;
				DEVELOPMENT_TEAM = 7S9CF6BJNF;
				GENERATE_INFOPLIST_FILE = YES;
				IPHONEOS_DEPLOYMENT_TARGET = 13.0;
				LD_RUNPATH_SEARCH_PATHS = (
					"$(inherited)",
					"@executable_path/Frameworks",
					"@loader_path/Frameworks",
				);
				MARKETING_VERSION = 1.0;
				PRODUCT_BUNDLE_IDENTIFIER = paul.lee.dev.GitHubAPIAppTests;
				PRODUCT_NAME = "$(TARGET_NAME)";
				SWIFT_EMIT_LOC_STRINGS = NO;
				SWIFT_VERSION = 5.0;
				TARGETED_DEVICE_FAMILY = "1,2";
				TEST_HOST = "$(BUILT_PRODUCTS_DIR)/GitHubAPIApp.app/GitHubAPIApp";
			};
			name = Release;
		};
/* End XCBuildConfiguration section */

/* Begin XCConfigurationList section */
		63D146AD2746117F00C3DB7E /* Build configuration list for PBXNativeTarget "GitHubAPISnapshotTests" */ = {
			isa = XCConfigurationList;
			buildConfigurations = (
				63D146AB2746117F00C3DB7E /* Debug */,
				63D146AC2746117F00C3DB7E /* Release */,
			);
			defaultConfigurationIsVisible = 0;
			defaultConfigurationName = Release;
		};
		63F55348270FF26B0002FA50 /* Build configuration list for PBXProject "GitHubAPIApp" */ = {
			isa = XCConfigurationList;
			buildConfigurations = (
				63F55375270FF26F0002FA50 /* Debug */,
				63F55376270FF26F0002FA50 /* Release */,
			);
			defaultConfigurationIsVisible = 0;
			defaultConfigurationName = Release;
		};
		63F55377270FF26F0002FA50 /* Build configuration list for PBXNativeTarget "GitHubAPIApp" */ = {
			isa = XCConfigurationList;
			buildConfigurations = (
				63F55378270FF26F0002FA50 /* Debug */,
				63F55379270FF26F0002FA50 /* Release */,
			);
			defaultConfigurationIsVisible = 0;
			defaultConfigurationName = Release;
		};
		63F5537A270FF26F0002FA50 /* Build configuration list for PBXNativeTarget "GitHubAPIAppTests" */ = {
			isa = XCConfigurationList;
			buildConfigurations = (
				63F5537B270FF26F0002FA50 /* Debug */,
				63F5537C270FF26F0002FA50 /* Release */,
			);
			defaultConfigurationIsVisible = 0;
			defaultConfigurationName = Release;
		};
/* End XCConfigurationList section */
	};
	rootObject = 63F55345270FF26B0002FA50 /* Project object */;
}
