// !$*UTF8*$!
{
	archiveVersion = 1;
	classes = {
	};
	objectVersion = 55;
	objects = {

/* Begin PBXBuildFile section */
		4E1746572EF7B07D77F8D5DF /* Pods_GitHubAPITests.framework in Frameworks */ = {isa = PBXBuildFile; fileRef = D6351E13F575F241864C67D4 /* Pods_GitHubAPITests.framework */; };
		63287C082727D2C7002EBAEE /* RemoteImageDataLoader.swift in Sources */ = {isa = PBXBuildFile; fileRef = 63287C072727D2C7002EBAEE /* RemoteImageDataLoader.swift */; };
		632ACF9D272535A200881723 /* LoadImageDataFromRemoteUseCase.swift in Sources */ = {isa = PBXBuildFile; fileRef = 632ACF9C272535A200881723 /* LoadImageDataFromRemoteUseCase.swift */; };
		632D5137271D504400334ABF /* LoadUserDetailProfileFromRemoteUseCaseTests.swift in Sources */ = {isa = PBXBuildFile; fileRef = 632D5136271D504400334ABF /* LoadUserDetailProfileFromRemoteUseCaseTests.swift */; };
		632D513B271D517200334ABF /* RemoteUserDetailProfileLoader.swift in Sources */ = {isa = PBXBuildFile; fileRef = 632D513A271D517200334ABF /* RemoteUserDetailProfileLoader.swift */; };
		632D513E271D6CB000334ABF /* UserDetailProfileMapper.swift in Sources */ = {isa = PBXBuildFile; fileRef = 632D513D271D6CB000334ABF /* UserDetailProfileMapper.swift */; };
		632D5140271D723000334ABF /* UserDetailProfile.swift in Sources */ = {isa = PBXBuildFile; fileRef = 632D513F271D723000334ABF /* UserDetailProfile.swift */; };
		632D5146271E66D800334ABF /* RemoteLoaderTests.swift in Sources */ = {isa = PBXBuildFile; fileRef = 632D5145271E66D800334ABF /* RemoteLoaderTests.swift */; };
		632D5148271E68D600334ABF /* RemoteLoader.swift in Sources */ = {isa = PBXBuildFile; fileRef = 632D5147271E68D600334ABF /* RemoteLoader.swift */; };
		63877E5D271920EA009C92A9 /* CombinePlayground.swift in Sources */ = {isa = PBXBuildFile; fileRef = 63877E5C271920EA009C92A9 /* CombinePlayground.swift */; };
		63DE083227187F9B0000C5EA /* CommonHelpers.swift in Sources */ = {isa = PBXBuildFile; fileRef = 63DE083127187F9B0000C5EA /* CommonHelpers.swift */; };
		63DE083427187FDD0000C5EA /* URLProtocolStub.swift in Sources */ = {isa = PBXBuildFile; fileRef = 63DE083327187FDD0000C5EA /* URLProtocolStub.swift */; };
		63DE08362718828B0000C5EA /* RemoteUserProfileLoader.swift in Sources */ = {isa = PBXBuildFile; fileRef = 63DE08352718828B0000C5EA /* RemoteUserProfileLoader.swift */; };
		63DE083A271891E20000C5EA /* UserProfileMapper.swift in Sources */ = {isa = PBXBuildFile; fileRef = 63DE0839271891E20000C5EA /* UserProfileMapper.swift */; };
		63DE083C2718928B0000C5EA /* UserProfile.swift in Sources */ = {isa = PBXBuildFile; fileRef = 63DE083B2718928B0000C5EA /* UserProfile.swift */; };
		63F55393270FF2A30002FA50 /* GitHubAPI.framework in Frameworks */ = {isa = PBXBuildFile; fileRef = 63F5538A270FF2A30002FA50 /* GitHubAPI.framework */; };
		63F55398270FF2A30002FA50 /* LoadUserProfileFromRemoteUseCaseTests.swift in Sources */ = {isa = PBXBuildFile; fileRef = 63F55397270FF2A30002FA50 /* LoadUserProfileFromRemoteUseCaseTests.swift */; };
		63F55399270FF2A30002FA50 /* GitHubAPI.h in Headers */ = {isa = PBXBuildFile; fileRef = 63F5538D270FF2A30002FA50 /* GitHubAPI.h */; settings = {ATTRIBUTES = (Public, ); }; };
		C651F44D187505C65AE459ED /* Pods_GitHubAPI.framework in Frameworks */ = {isa = PBXBuildFile; fileRef = F0AACE94F610C8BD1CEFF06B /* Pods_GitHubAPI.framework */; };
/* End PBXBuildFile section */

/* Begin PBXContainerItemProxy section */
		63F55394270FF2A30002FA50 /* PBXContainerItemProxy */ = {
			isa = PBXContainerItemProxy;
			containerPortal = 63F55381270FF2A30002FA50 /* Project object */;
			proxyType = 1;
			remoteGlobalIDString = 63F55389270FF2A30002FA50;
			remoteInfo = GitHubAPI;
		};
/* End PBXContainerItemProxy section */

/* Begin PBXFileReference section */
		63287C072727D2C7002EBAEE /* RemoteImageDataLoader.swift */ = {isa = PBXFileReference; lastKnownFileType = sourcecode.swift; path = RemoteImageDataLoader.swift; sourceTree = "<group>"; };
		632ACF9C272535A200881723 /* LoadImageDataFromRemoteUseCase.swift */ = {isa = PBXFileReference; lastKnownFileType = sourcecode.swift; path = LoadImageDataFromRemoteUseCase.swift; sourceTree = "<group>"; };
		632D5136271D504400334ABF /* LoadUserDetailProfileFromRemoteUseCaseTests.swift */ = {isa = PBXFileReference; lastKnownFileType = sourcecode.swift; path = LoadUserDetailProfileFromRemoteUseCaseTests.swift; sourceTree = "<group>"; };
		632D513A271D517200334ABF /* RemoteUserDetailProfileLoader.swift */ = {isa = PBXFileReference; lastKnownFileType = sourcecode.swift; path = RemoteUserDetailProfileLoader.swift; sourceTree = "<group>"; };
		632D513D271D6CB000334ABF /* UserDetailProfileMapper.swift */ = {isa = PBXFileReference; lastKnownFileType = sourcecode.swift; path = UserDetailProfileMapper.swift; sourceTree = "<group>"; };
		632D513F271D723000334ABF /* UserDetailProfile.swift */ = {isa = PBXFileReference; lastKnownFileType = sourcecode.swift; path = UserDetailProfile.swift; sourceTree = "<group>"; };
		632D5145271E66D800334ABF /* RemoteLoaderTests.swift */ = {isa = PBXFileReference; lastKnownFileType = sourcecode.swift; path = RemoteLoaderTests.swift; sourceTree = "<group>"; };
		632D5147271E68D600334ABF /* RemoteLoader.swift */ = {isa = PBXFileReference; lastKnownFileType = sourcecode.swift; path = RemoteLoader.swift; sourceTree = "<group>"; };
		63877E5C271920EA009C92A9 /* CombinePlayground.swift */ = {isa = PBXFileReference; lastKnownFileType = sourcecode.swift; path = CombinePlayground.swift; sourceTree = "<group>"; };
		63DE083127187F9B0000C5EA /* CommonHelpers.swift */ = {isa = PBXFileReference; lastKnownFileType = sourcecode.swift; path = CommonHelpers.swift; sourceTree = "<group>"; };
		63DE083327187FDD0000C5EA /* URLProtocolStub.swift */ = {isa = PBXFileReference; lastKnownFileType = sourcecode.swift; path = URLProtocolStub.swift; sourceTree = "<group>"; };
		63DE08352718828B0000C5EA /* RemoteUserProfileLoader.swift */ = {isa = PBXFileReference; lastKnownFileType = sourcecode.swift; path = RemoteUserProfileLoader.swift; sourceTree = "<group>"; };
		63DE0839271891E20000C5EA /* UserProfileMapper.swift */ = {isa = PBXFileReference; lastKnownFileType = sourcecode.swift; path = UserProfileMapper.swift; sourceTree = "<group>"; };
		63DE083B2718928B0000C5EA /* UserProfile.swift */ = {isa = PBXFileReference; lastKnownFileType = sourcecode.swift; path = UserProfile.swift; sourceTree = "<group>"; };
		63F5538A270FF2A30002FA50 /* GitHubAPI.framework */ = {isa = PBXFileReference; explicitFileType = wrapper.framework; includeInIndex = 0; path = GitHubAPI.framework; sourceTree = BUILT_PRODUCTS_DIR; };
		63F5538D270FF2A30002FA50 /* GitHubAPI.h */ = {isa = PBXFileReference; lastKnownFileType = sourcecode.c.h; path = GitHubAPI.h; sourceTree = "<group>"; };
		63F55392270FF2A30002FA50 /* GitHubAPITests.xctest */ = {isa = PBXFileReference; explicitFileType = wrapper.cfbundle; includeInIndex = 0; path = GitHubAPITests.xctest; sourceTree = BUILT_PRODUCTS_DIR; };
		63F55397270FF2A30002FA50 /* LoadUserProfileFromRemoteUseCaseTests.swift */ = {isa = PBXFileReference; lastKnownFileType = sourcecode.swift; path = LoadUserProfileFromRemoteUseCaseTests.swift; sourceTree = "<group>"; };
		78F22400778E11801D862B36 /* Pods-GitHubAPITests.release.xcconfig */ = {isa = PBXFileReference; includeInIndex = 1; lastKnownFileType = text.xcconfig; name = "Pods-GitHubAPITests.release.xcconfig"; path = "Target Support Files/Pods-GitHubAPITests/Pods-GitHubAPITests.release.xcconfig"; sourceTree = "<group>"; };
		8195CAE8EAB0CE167A7169A8 /* Pods-GitHubAPITests.debug.xcconfig */ = {isa = PBXFileReference; includeInIndex = 1; lastKnownFileType = text.xcconfig; name = "Pods-GitHubAPITests.debug.xcconfig"; path = "Target Support Files/Pods-GitHubAPITests/Pods-GitHubAPITests.debug.xcconfig"; sourceTree = "<group>"; };
		889D3A1A98416CBE14AA73FC /* Pods-GitHubAPI.release.xcconfig */ = {isa = PBXFileReference; includeInIndex = 1; lastKnownFileType = text.xcconfig; name = "Pods-GitHubAPI.release.xcconfig"; path = "Target Support Files/Pods-GitHubAPI/Pods-GitHubAPI.release.xcconfig"; sourceTree = "<group>"; };
		9A20F49B4ABD5F7CD019C3B9 /* Pods-GitHubAPI.debug.xcconfig */ = {isa = PBXFileReference; includeInIndex = 1; lastKnownFileType = text.xcconfig; name = "Pods-GitHubAPI.debug.xcconfig"; path = "Target Support Files/Pods-GitHubAPI/Pods-GitHubAPI.debug.xcconfig"; sourceTree = "<group>"; };
		D6351E13F575F241864C67D4 /* Pods_GitHubAPITests.framework */ = {isa = PBXFileReference; explicitFileType = wrapper.framework; includeInIndex = 0; path = Pods_GitHubAPITests.framework; sourceTree = BUILT_PRODUCTS_DIR; };
		F0AACE94F610C8BD1CEFF06B /* Pods_GitHubAPI.framework */ = {isa = PBXFileReference; explicitFileType = wrapper.framework; includeInIndex = 0; path = Pods_GitHubAPI.framework; sourceTree = BUILT_PRODUCTS_DIR; };
/* End PBXFileReference section */

/* Begin PBXFrameworksBuildPhase section */
		63F55387270FF2A30002FA50 /* Frameworks */ = {
			isa = PBXFrameworksBuildPhase;
			buildActionMask = 2147483647;
			files = (
				C651F44D187505C65AE459ED /* Pods_GitHubAPI.framework in Frameworks */,
			);
			runOnlyForDeploymentPostprocessing = 0;
		};
		63F5538F270FF2A30002FA50 /* Frameworks */ = {
			isa = PBXFrameworksBuildPhase;
			buildActionMask = 2147483647;
			files = (
				63F55393270FF2A30002FA50 /* GitHubAPI.framework in Frameworks */,
				4E1746572EF7B07D77F8D5DF /* Pods_GitHubAPITests.framework in Frameworks */,
			);
			runOnlyForDeploymentPostprocessing = 0;
		};
/* End PBXFrameworksBuildPhase section */

/* Begin PBXGroup section */
		632D5138271D50BA00334ABF /* UserProfileAPI */ = {
			isa = PBXGroup;
			children = (
				63DE0839271891E20000C5EA /* UserProfileMapper.swift */,
				63DE08352718828B0000C5EA /* RemoteUserProfileLoader.swift */,
				63287C072727D2C7002EBAEE /* RemoteImageDataLoader.swift */,
			);
			path = UserProfileAPI;
			sourceTree = "<group>";
		};
		632D5139271D50CB00334ABF /* UserProfile */ = {
			isa = PBXGroup;
			children = (
				63DE083B2718928B0000C5EA /* UserProfile.swift */,
			);
			path = UserProfile;
			sourceTree = "<group>";
		};
		632D513C271D518400334ABF /* UserDetailProfileAPI */ = {
			isa = PBXGroup;
			children = (
				632D513A271D517200334ABF /* RemoteUserDetailProfileLoader.swift */,
				632D513D271D6CB000334ABF /* UserDetailProfileMapper.swift */,
			);
			path = UserDetailProfileAPI;
			sourceTree = "<group>";
		};
		632D5141271D723700334ABF /* UserDetailProfile */ = {
			isa = PBXGroup;
			children = (
				632D513F271D723000334ABF /* UserDetailProfile.swift */,
			);
			path = UserDetailProfile;
			sourceTree = "<group>";
		};
		632D5142271E667600334ABF /* UserProfileAPI */ = {
			isa = PBXGroup;
			children = (
				632ACF9C272535A200881723 /* LoadImageDataFromRemoteUseCase.swift */,
				63F55397270FF2A30002FA50 /* LoadUserProfileFromRemoteUseCaseTests.swift */,
			);
			path = UserProfileAPI;
			sourceTree = "<group>";
		};
		632D5143271E668C00334ABF /* UserDetailProfileAPI */ = {
			isa = PBXGroup;
			children = (
				632D5136271D504400334ABF /* LoadUserDetailProfileFromRemoteUseCaseTests.swift */,
			);
			path = UserDetailProfileAPI;
			sourceTree = "<group>";
		};
		632D5144271E66BA00334ABF /* Shared */ = {
			isa = PBXGroup;
			children = (
				63DE083127187F9B0000C5EA /* CommonHelpers.swift */,
				63DE083327187FDD0000C5EA /* URLProtocolStub.swift */,
				632D5145271E66D800334ABF /* RemoteLoaderTests.swift */,
			);
			path = Shared;
			sourceTree = "<group>";
		};
		632D5149271E68DB00334ABF /* Shared */ = {
			isa = PBXGroup;
			children = (
				632D5147271E68D600334ABF /* RemoteLoader.swift */,
			);
			path = Shared;
			sourceTree = "<group>";
		};
		63F55380270FF2A30002FA50 = {
			isa = PBXGroup;
			children = (
				63F5538C270FF2A30002FA50 /* GitHubAPI */,
				63F55396270FF2A30002FA50 /* GitHubAPITests */,
				63F5538B270FF2A30002FA50 /* Products */,
				A52B58FCD527A2D1162B9DE9 /* Frameworks */,
				F8D1A111F5C7B248E4BA3B9E /* Pods */,
			);
			sourceTree = "<group>";
		};
		63F5538B270FF2A30002FA50 /* Products */ = {
			isa = PBXGroup;
			children = (
				63F5538A270FF2A30002FA50 /* GitHubAPI.framework */,
				63F55392270FF2A30002FA50 /* GitHubAPITests.xctest */,
			);
			name = Products;
			sourceTree = "<group>";
		};
		63F5538C270FF2A30002FA50 /* GitHubAPI */ = {
			isa = PBXGroup;
			children = (
				63F5538D270FF2A30002FA50 /* GitHubAPI.h */,
				632D5149271E68DB00334ABF /* Shared */,
				632D5139271D50CB00334ABF /* UserProfile */,
				632D5138271D50BA00334ABF /* UserProfileAPI */,
				632D5141271D723700334ABF /* UserDetailProfile */,
				632D513C271D518400334ABF /* UserDetailProfileAPI */,
			);
			path = GitHubAPI;
			sourceTree = "<group>";
		};
		63F55396270FF2A30002FA50 /* GitHubAPITests */ = {
			isa = PBXGroup;
			children = (
				632D5144271E66BA00334ABF /* Shared */,
				632D5142271E667600334ABF /* UserProfileAPI */,
				632D5143271E668C00334ABF /* UserDetailProfileAPI */,
				63877E5C271920EA009C92A9 /* CombinePlayground.swift */,
			);
			path = GitHubAPITests;
			sourceTree = "<group>";
		};
		A52B58FCD527A2D1162B9DE9 /* Frameworks */ = {
			isa = PBXGroup;
			children = (
				F0AACE94F610C8BD1CEFF06B /* Pods_GitHubAPI.framework */,
				D6351E13F575F241864C67D4 /* Pods_GitHubAPITests.framework */,
			);
			name = Frameworks;
			sourceTree = "<group>";
		};
		F8D1A111F5C7B248E4BA3B9E /* Pods */ = {
			isa = PBXGroup;
			children = (
				9A20F49B4ABD5F7CD019C3B9 /* Pods-GitHubAPI.debug.xcconfig */,
				889D3A1A98416CBE14AA73FC /* Pods-GitHubAPI.release.xcconfig */,
				8195CAE8EAB0CE167A7169A8 /* Pods-GitHubAPITests.debug.xcconfig */,
				78F22400778E11801D862B36 /* Pods-GitHubAPITests.release.xcconfig */,
			);
			name = Pods;
			path = ../Pods;
			sourceTree = "<group>";
		};
/* End PBXGroup section */

/* Begin PBXHeadersBuildPhase section */
		63F55385270FF2A30002FA50 /* Headers */ = {
			isa = PBXHeadersBuildPhase;
			buildActionMask = 2147483647;
			files = (
				63F55399270FF2A30002FA50 /* GitHubAPI.h in Headers */,
			);
			runOnlyForDeploymentPostprocessing = 0;
		};
/* End PBXHeadersBuildPhase section */

/* Begin PBXNativeTarget section */
		63F55389270FF2A30002FA50 /* GitHubAPI */ = {
			isa = PBXNativeTarget;
			buildConfigurationList = 63F5539C270FF2A30002FA50 /* Build configuration list for PBXNativeTarget "GitHubAPI" */;
			buildPhases = (
				73D29784E3775629F0790CC6 /* [CP] Check Pods Manifest.lock */,
				63F55385270FF2A30002FA50 /* Headers */,
				63F55386270FF2A30002FA50 /* Sources */,
				63F55387270FF2A30002FA50 /* Frameworks */,
				63F55388270FF2A30002FA50 /* Resources */,
			);
			buildRules = (
			);
			dependencies = (
			);
			name = GitHubAPI;
			productName = GitHubAPI;
			productReference = 63F5538A270FF2A30002FA50 /* GitHubAPI.framework */;
			productType = "com.apple.product-type.framework";
		};
		63F55391270FF2A30002FA50 /* GitHubAPITests */ = {
			isa = PBXNativeTarget;
			buildConfigurationList = 63F5539F270FF2A30002FA50 /* Build configuration list for PBXNativeTarget "GitHubAPITests" */;
			buildPhases = (
				8D4E47799FF0CD55B0FB8BBC /* [CP] Check Pods Manifest.lock */,
				63F5538E270FF2A30002FA50 /* Sources */,
				63F5538F270FF2A30002FA50 /* Frameworks */,
				63F55390270FF2A30002FA50 /* Resources */,
				661678A28633FDBEF1C59916 /* [CP] Embed Pods Frameworks */,
			);
			buildRules = (
			);
			dependencies = (
				63F55395270FF2A30002FA50 /* PBXTargetDependency */,
			);
			name = GitHubAPITests;
			productName = GitHubAPITests;
			productReference = 63F55392270FF2A30002FA50 /* GitHubAPITests.xctest */;
			productType = "com.apple.product-type.bundle.unit-test";
		};
/* End PBXNativeTarget section */

/* Begin PBXProject section */
		63F55381270FF2A30002FA50 /* Project object */ = {
			isa = PBXProject;
			attributes = {
				BuildIndependentTargetsInParallel = 1;
				LastSwiftUpdateCheck = 1300;
				LastUpgradeCheck = 1300;
				TargetAttributes = {
					63F55389270FF2A30002FA50 = {
						CreatedOnToolsVersion = 13.0;
						LastSwiftMigration = 1300;
					};
					63F55391270FF2A30002FA50 = {
						CreatedOnToolsVersion = 13.0;
					};
				};
			};
			buildConfigurationList = 63F55384270FF2A30002FA50 /* Build configuration list for PBXProject "GitHubAPI" */;
			compatibilityVersion = "Xcode 13.0";
			developmentRegion = en;
			hasScannedForEncodings = 0;
			knownRegions = (
				en,
				Base,
			);
			mainGroup = 63F55380270FF2A30002FA50;
			productRefGroup = 63F5538B270FF2A30002FA50 /* Products */;
			projectDirPath = "";
			projectRoot = "";
			targets = (
				63F55389270FF2A30002FA50 /* GitHubAPI */,
				63F55391270FF2A30002FA50 /* GitHubAPITests */,
			);
		};
/* End PBXProject section */

/* Begin PBXResourcesBuildPhase section */
		63F55388270FF2A30002FA50 /* Resources */ = {
			isa = PBXResourcesBuildPhase;
			buildActionMask = 2147483647;
			files = (
			);
			runOnlyForDeploymentPostprocessing = 0;
		};
		63F55390270FF2A30002FA50 /* Resources */ = {
			isa = PBXResourcesBuildPhase;
			buildActionMask = 2147483647;
			files = (
			);
			runOnlyForDeploymentPostprocessing = 0;
		};
/* End PBXResourcesBuildPhase section */

/* Begin PBXShellScriptBuildPhase section */
		661678A28633FDBEF1C59916 /* [CP] Embed Pods Frameworks */ = {
			isa = PBXShellScriptBuildPhase;
			buildActionMask = 2147483647;
			files = (
			);
			inputFileListPaths = (
				"${PODS_ROOT}/Target Support Files/Pods-GitHubAPITests/Pods-GitHubAPITests-frameworks-${CONFIGURATION}-input-files.xcfilelist",
			);
			name = "[CP] Embed Pods Frameworks";
			outputFileListPaths = (
				"${PODS_ROOT}/Target Support Files/Pods-GitHubAPITests/Pods-GitHubAPITests-frameworks-${CONFIGURATION}-output-files.xcfilelist",
			);
			runOnlyForDeploymentPostprocessing = 0;
			shellPath = /bin/sh;
			shellScript = "\"${PODS_ROOT}/Target Support Files/Pods-GitHubAPITests/Pods-GitHubAPITests-frameworks.sh\"\n";
			showEnvVarsInLog = 0;
		};
		73D29784E3775629F0790CC6 /* [CP] Check Pods Manifest.lock */ = {
			isa = PBXShellScriptBuildPhase;
			buildActionMask = 2147483647;
			files = (
			);
			inputFileListPaths = (
			);
			inputPaths = (
				"${PODS_PODFILE_DIR_PATH}/Podfile.lock",
				"${PODS_ROOT}/Manifest.lock",
			);
			name = "[CP] Check Pods Manifest.lock";
			outputFileListPaths = (
			);
			outputPaths = (
				"$(DERIVED_FILE_DIR)/Pods-GitHubAPI-checkManifestLockResult.txt",
			);
			runOnlyForDeploymentPostprocessing = 0;
			shellPath = /bin/sh;
			shellScript = "diff \"${PODS_PODFILE_DIR_PATH}/Podfile.lock\" \"${PODS_ROOT}/Manifest.lock\" > /dev/null\nif [ $? != 0 ] ; then\n    # print error to STDERR\n    echo \"error: The sandbox is not in sync with the Podfile.lock. Run 'pod install' or update your CocoaPods installation.\" >&2\n    exit 1\nfi\n# This output is used by Xcode 'outputs' to avoid re-running this script phase.\necho \"SUCCESS\" > \"${SCRIPT_OUTPUT_FILE_0}\"\n";
			showEnvVarsInLog = 0;
		};
		8D4E47799FF0CD55B0FB8BBC /* [CP] Check Pods Manifest.lock */ = {
			isa = PBXShellScriptBuildPhase;
			buildActionMask = 2147483647;
			files = (
			);
			inputFileListPaths = (
			);
			inputPaths = (
				"${PODS_PODFILE_DIR_PATH}/Podfile.lock",
				"${PODS_ROOT}/Manifest.lock",
			);
			name = "[CP] Check Pods Manifest.lock";
			outputFileListPaths = (
			);
			outputPaths = (
				"$(DERIVED_FILE_DIR)/Pods-GitHubAPITests-checkManifestLockResult.txt",
			);
			runOnlyForDeploymentPostprocessing = 0;
			shellPath = /bin/sh;
			shellScript = "diff \"${PODS_PODFILE_DIR_PATH}/Podfile.lock\" \"${PODS_ROOT}/Manifest.lock\" > /dev/null\nif [ $? != 0 ] ; then\n    # print error to STDERR\n    echo \"error: The sandbox is not in sync with the Podfile.lock. Run 'pod install' or update your CocoaPods installation.\" >&2\n    exit 1\nfi\n# This output is used by Xcode 'outputs' to avoid re-running this script phase.\necho \"SUCCESS\" > \"${SCRIPT_OUTPUT_FILE_0}\"\n";
			showEnvVarsInLog = 0;
		};
/* End PBXShellScriptBuildPhase section */

/* Begin PBXSourcesBuildPhase section */
		63F55386270FF2A30002FA50 /* Sources */ = {
			isa = PBXSourcesBuildPhase;
			buildActionMask = 2147483647;
			files = (
				632D513B271D517200334ABF /* RemoteUserDetailProfileLoader.swift in Sources */,
				632D5148271E68D600334ABF /* RemoteLoader.swift in Sources */,
				63DE083C2718928B0000C5EA /* UserProfile.swift in Sources */,
				63DE083A271891E20000C5EA /* UserProfileMapper.swift in Sources */,
				632D513E271D6CB000334ABF /* UserDetailProfileMapper.swift in Sources */,
				632D5140271D723000334ABF /* UserDetailProfile.swift in Sources */,
				63287C082727D2C7002EBAEE /* RemoteImageDataLoader.swift in Sources */,
				63DE08362718828B0000C5EA /* RemoteUserProfileLoader.swift in Sources */,
			);
			runOnlyForDeploymentPostprocessing = 0;
		};
		63F5538E270FF2A30002FA50 /* Sources */ = {
			isa = PBXSourcesBuildPhase;
			buildActionMask = 2147483647;
			files = (
				632D5146271E66D800334ABF /* RemoteLoaderTests.swift in Sources */,
				632ACF9D272535A200881723 /* LoadImageDataFromRemoteUseCase.swift in Sources */,
				63DE083227187F9B0000C5EA /* CommonHelpers.swift in Sources */,
				632D5137271D504400334ABF /* LoadUserDetailProfileFromRemoteUseCaseTests.swift in Sources */,
				63877E5D271920EA009C92A9 /* CombinePlayground.swift in Sources */,
				63F55398270FF2A30002FA50 /* LoadUserProfileFromRemoteUseCaseTests.swift in Sources */,
				63DE083427187FDD0000C5EA /* URLProtocolStub.swift in Sources */,
			);
			runOnlyForDeploymentPostprocessing = 0;
		};
/* End PBXSourcesBuildPhase section */

/* Begin PBXTargetDependency section */
		63F55395270FF2A30002FA50 /* PBXTargetDependency */ = {
			isa = PBXTargetDependency;
			target = 63F55389270FF2A30002FA50 /* GitHubAPI */;
			targetProxy = 63F55394270FF2A30002FA50 /* PBXContainerItemProxy */;
		};
/* End PBXTargetDependency section */

/* Begin XCBuildConfiguration section */
		63F5539A270FF2A30002FA50 /* Debug */ = {
			isa = XCBuildConfiguration;
			buildSettings = {
				ALWAYS_SEARCH_USER_PATHS = NO;
				CLANG_ANALYZER_NONNULL = YES;
				CLANG_ANALYZER_NUMBER_OBJECT_CONVERSION = YES_AGGRESSIVE;
				CLANG_CXX_LANGUAGE_STANDARD = "gnu++17";
				CLANG_CXX_LIBRARY = "libc++";
				CLANG_ENABLE_MODULES = YES;
				CLANG_ENABLE_OBJC_ARC = YES;
				CLANG_ENABLE_OBJC_WEAK = YES;
				CLANG_WARN_BLOCK_CAPTURE_AUTORELEASING = YES;
				CLANG_WARN_BOOL_CONVERSION = YES;
				CLANG_WARN_COMMA = YES;
				CLANG_WARN_CONSTANT_CONVERSION = YES;
				CLANG_WARN_DEPRECATED_OBJC_IMPLEMENTATIONS = YES;
				CLANG_WARN_DIRECT_OBJC_ISA_USAGE = YES_ERROR;
				CLANG_WARN_DOCUMENTATION_COMMENTS = YES;
				CLANG_WARN_EMPTY_BODY = YES;
				CLANG_WARN_ENUM_CONVERSION = YES;
				CLANG_WARN_INFINITE_RECURSION = YES;
				CLANG_WARN_INT_CONVERSION = YES;
				CLANG_WARN_NON_LITERAL_NULL_CONVERSION = YES;
				CLANG_WARN_OBJC_IMPLICIT_RETAIN_SELF = YES;
				CLANG_WARN_OBJC_LITERAL_CONVERSION = YES;
				CLANG_WARN_OBJC_ROOT_CLASS = YES_ERROR;
				CLANG_WARN_QUOTED_INCLUDE_IN_FRAMEWORK_HEADER = YES;
				CLANG_WARN_RANGE_LOOP_ANALYSIS = YES;
				CLANG_WARN_STRICT_PROTOTYPES = YES;
				CLANG_WARN_SUSPICIOUS_MOVE = YES;
				CLANG_WARN_UNGUARDED_AVAILABILITY = YES_AGGRESSIVE;
				CLANG_WARN_UNREACHABLE_CODE = YES;
				CLANG_WARN__DUPLICATE_METHOD_MATCH = YES;
				COPY_PHASE_STRIP = NO;
				CURRENT_PROJECT_VERSION = 1;
				DEBUG_INFORMATION_FORMAT = dwarf;
				ENABLE_STRICT_OBJC_MSGSEND = YES;
				ENABLE_TESTABILITY = YES;
				GCC_C_LANGUAGE_STANDARD = gnu11;
				GCC_DYNAMIC_NO_PIC = NO;
				GCC_NO_COMMON_BLOCKS = YES;
				GCC_OPTIMIZATION_LEVEL = 0;
				GCC_PREPROCESSOR_DEFINITIONS = (
					"DEBUG=1",
					"$(inherited)",
				);
				GCC_WARN_64_TO_32_BIT_CONVERSION = YES;
				GCC_WARN_ABOUT_RETURN_TYPE = YES_ERROR;
				GCC_WARN_UNDECLARED_SELECTOR = YES;
				GCC_WARN_UNINITIALIZED_AUTOS = YES_AGGRESSIVE;
				GCC_WARN_UNUSED_FUNCTION = YES;
				GCC_WARN_UNUSED_VARIABLE = YES;
				IPHONEOS_DEPLOYMENT_TARGET = 15.0;
				MTL_ENABLE_DEBUG_INFO = INCLUDE_SOURCE;
				MTL_FAST_MATH = YES;
				ONLY_ACTIVE_ARCH = YES;
				SDKROOT = iphoneos;
				SWIFT_ACTIVE_COMPILATION_CONDITIONS = DEBUG;
				SWIFT_OPTIMIZATION_LEVEL = "-Onone";
				VERSIONING_SYSTEM = "apple-generic";
				VERSION_INFO_PREFIX = "";
			};
			name = Debug;
		};
		63F5539B270FF2A30002FA50 /* Release */ = {
			isa = XCBuildConfiguration;
			buildSettings = {
				ALWAYS_SEARCH_USER_PATHS = NO;
				CLANG_ANALYZER_NONNULL = YES;
				CLANG_ANALYZER_NUMBER_OBJECT_CONVERSION = YES_AGGRESSIVE;
				CLANG_CXX_LANGUAGE_STANDARD = "gnu++17";
				CLANG_CXX_LIBRARY = "libc++";
				CLANG_ENABLE_MODULES = YES;
				CLANG_ENABLE_OBJC_ARC = YES;
				CLANG_ENABLE_OBJC_WEAK = YES;
				CLANG_WARN_BLOCK_CAPTURE_AUTORELEASING = YES;
				CLANG_WARN_BOOL_CONVERSION = YES;
				CLANG_WARN_COMMA = YES;
				CLANG_WARN_CONSTANT_CONVERSION = YES;
				CLANG_WARN_DEPRECATED_OBJC_IMPLEMENTATIONS = YES;
				CLANG_WARN_DIRECT_OBJC_ISA_USAGE = YES_ERROR;
				CLANG_WARN_DOCUMENTATION_COMMENTS = YES;
				CLANG_WARN_EMPTY_BODY = YES;
				CLANG_WARN_ENUM_CONVERSION = YES;
				CLANG_WARN_INFINITE_RECURSION = YES;
				CLANG_WARN_INT_CONVERSION = YES;
				CLANG_WARN_NON_LITERAL_NULL_CONVERSION = YES;
				CLANG_WARN_OBJC_IMPLICIT_RETAIN_SELF = YES;
				CLANG_WARN_OBJC_LITERAL_CONVERSION = YES;
				CLANG_WARN_OBJC_ROOT_CLASS = YES_ERROR;
				CLANG_WARN_QUOTED_INCLUDE_IN_FRAMEWORK_HEADER = YES;
				CLANG_WARN_RANGE_LOOP_ANALYSIS = YES;
				CLANG_WARN_STRICT_PROTOTYPES = YES;
				CLANG_WARN_SUSPICIOUS_MOVE = YES;
				CLANG_WARN_UNGUARDED_AVAILABILITY = YES_AGGRESSIVE;
				CLANG_WARN_UNREACHABLE_CODE = YES;
				CLANG_WARN__DUPLICATE_METHOD_MATCH = YES;
				COPY_PHASE_STRIP = NO;
				CURRENT_PROJECT_VERSION = 1;
				DEBUG_INFORMATION_FORMAT = "dwarf-with-dsym";
				ENABLE_NS_ASSERTIONS = NO;
				ENABLE_STRICT_OBJC_MSGSEND = YES;
				GCC_C_LANGUAGE_STANDARD = gnu11;
				GCC_NO_COMMON_BLOCKS = YES;
				GCC_WARN_64_TO_32_BIT_CONVERSION = YES;
				GCC_WARN_ABOUT_RETURN_TYPE = YES_ERROR;
				GCC_WARN_UNDECLARED_SELECTOR = YES;
				GCC_WARN_UNINITIALIZED_AUTOS = YES_AGGRESSIVE;
				GCC_WARN_UNUSED_FUNCTION = YES;
				GCC_WARN_UNUSED_VARIABLE = YES;
				IPHONEOS_DEPLOYMENT_TARGET = 15.0;
				MTL_ENABLE_DEBUG_INFO = NO;
				MTL_FAST_MATH = YES;
				SDKROOT = iphoneos;
				SWIFT_COMPILATION_MODE = wholemodule;
				SWIFT_OPTIMIZATION_LEVEL = "-O";
				VALIDATE_PRODUCT = YES;
				VERSIONING_SYSTEM = "apple-generic";
				VERSION_INFO_PREFIX = "";
			};
			name = Release;
		};
		63F5539D270FF2A30002FA50 /* Debug */ = {
			isa = XCBuildConfiguration;
			baseConfigurationReference = 9A20F49B4ABD5F7CD019C3B9 /* Pods-GitHubAPI.debug.xcconfig */;
			buildSettings = {
				CLANG_ENABLE_MODULES = YES;
				CODE_SIGN_STYLE = Automatic;
				CURRENT_PROJECT_VERSION = 1;
				DEFINES_MODULE = YES;
				DEVELOPMENT_TEAM = 7S9CF6BJNF;
				DYLIB_COMPATIBILITY_VERSION = 1;
				DYLIB_CURRENT_VERSION = 1;
				DYLIB_INSTALL_NAME_BASE = "@rpath";
				GENERATE_INFOPLIST_FILE = YES;
				INFOPLIST_KEY_NSHumanReadableCopyright = "";
				INSTALL_PATH = "$(LOCAL_LIBRARY_DIR)/Frameworks";
				LD_RUNPATH_SEARCH_PATHS = (
					"$(inherited)",
					"@executable_path/Frameworks",
					"@loader_path/Frameworks",
				);
				MARKETING_VERSION = 1.0;
				PRODUCT_BUNDLE_IDENTIFIER = paul.lee.dev.GitHubAPI;
				PRODUCT_NAME = "$(TARGET_NAME:c99extidentifier)";
				SKIP_INSTALL = YES;
				SWIFT_EMIT_LOC_STRINGS = YES;
				SWIFT_OPTIMIZATION_LEVEL = "-Onone";
				SWIFT_VERSION = 5.0;
				TARGETED_DEVICE_FAMILY = "1,2";
			};
			name = Debug;
		};
		63F5539E270FF2A30002FA50 /* Release */ = {
			isa = XCBuildConfiguration;
			baseConfigurationReference = 889D3A1A98416CBE14AA73FC /* Pods-GitHubAPI.release.xcconfig */;
			buildSettings = {
				CLANG_ENABLE_MODULES = YES;
				CODE_SIGN_STYLE = Automatic;
				CURRENT_PROJECT_VERSION = 1;
				DEFINES_MODULE = YES;
				DEVELOPMENT_TEAM = 7S9CF6BJNF;
				DYLIB_COMPATIBILITY_VERSION = 1;
				DYLIB_CURRENT_VERSION = 1;
				DYLIB_INSTALL_NAME_BASE = "@rpath";
				GENERATE_INFOPLIST_FILE = YES;
				INFOPLIST_KEY_NSHumanReadableCopyright = "";
				INSTALL_PATH = "$(LOCAL_LIBRARY_DIR)/Frameworks";
				LD_RUNPATH_SEARCH_PATHS = (
					"$(inherited)",
					"@executable_path/Frameworks",
					"@loader_path/Frameworks",
				);
				MARKETING_VERSION = 1.0;
				PRODUCT_BUNDLE_IDENTIFIER = paul.lee.dev.GitHubAPI;
				PRODUCT_NAME = "$(TARGET_NAME:c99extidentifier)";
				SKIP_INSTALL = YES;
				SWIFT_EMIT_LOC_STRINGS = YES;
				SWIFT_VERSION = 5.0;
				TARGETED_DEVICE_FAMILY = "1,2";
			};
			name = Release;
		};
		63F553A0270FF2A30002FA50 /* Debug */ = {
			isa = XCBuildConfiguration;
			baseConfigurationReference = 8195CAE8EAB0CE167A7169A8 /* Pods-GitHubAPITests.debug.xcconfig */;
			buildSettings = {
				ALWAYS_EMBED_SWIFT_STANDARD_LIBRARIES = YES;
				CODE_SIGN_STYLE = Automatic;
				CURRENT_PROJECT_VERSION = 1;
				DEVELOPMENT_TEAM = 7S9CF6BJNF;
				GENERATE_INFOPLIST_FILE = YES;
				LD_RUNPATH_SEARCH_PATHS = (
					"$(inherited)",
					"@executable_path/Frameworks",
					"@loader_path/Frameworks",
				);
				MARKETING_VERSION = 1.0;
				PRODUCT_BUNDLE_IDENTIFIER = paul.lee.dev.GitHubAPITests;
				PRODUCT_NAME = "$(TARGET_NAME)";
				SWIFT_EMIT_LOC_STRINGS = NO;
				SWIFT_VERSION = 5.0;
				TARGETED_DEVICE_FAMILY = "1,2";
			};
			name = Debug;
		};
		63F553A1270FF2A30002FA50 /* Release */ = {
			isa = XCBuildConfiguration;
			baseConfigurationReference = 78F22400778E11801D862B36 /* Pods-GitHubAPITests.release.xcconfig */;
			buildSettings = {
				ALWAYS_EMBED_SWIFT_STANDARD_LIBRARIES = YES;
				CODE_SIGN_STYLE = Automatic;
				CURRENT_PROJECT_VERSION = 1;
				DEVELOPMENT_TEAM = 7S9CF6BJNF;
				GENERATE_INFOPLIST_FILE = YES;
				LD_RUNPATH_SEARCH_PATHS = (
					"$(inherited)",
					"@executable_path/Frameworks",
					"@loader_path/Frameworks",
				);
				MARKETING_VERSION = 1.0;
				PRODUCT_BUNDLE_IDENTIFIER = paul.lee.dev.GitHubAPITests;
				PRODUCT_NAME = "$(TARGET_NAME)";
				SWIFT_EMIT_LOC_STRINGS = NO;
				SWIFT_VERSION = 5.0;
				TARGETED_DEVICE_FAMILY = "1,2";
			};
			name = Release;
		};
/* End XCBuildConfiguration section */

/* Begin XCConfigurationList section */
		63F55384270FF2A30002FA50 /* Build configuration list for PBXProject "GitHubAPI" */ = {
			isa = XCConfigurationList;
			buildConfigurations = (
				63F5539A270FF2A30002FA50 /* Debug */,
				63F5539B270FF2A30002FA50 /* Release */,
			);
			defaultConfigurationIsVisible = 0;
			defaultConfigurationName = Release;
		};
		63F5539C270FF2A30002FA50 /* Build configuration list for PBXNativeTarget "GitHubAPI" */ = {
			isa = XCConfigurationList;
			buildConfigurations = (
				63F5539D270FF2A30002FA50 /* Debug */,
				63F5539E270FF2A30002FA50 /* Release */,
			);
			defaultConfigurationIsVisible = 0;
			defaultConfigurationName = Release;
		};
		63F5539F270FF2A30002FA50 /* Build configuration list for PBXNativeTarget "GitHubAPITests" */ = {
			isa = XCConfigurationList;
			buildConfigurations = (
				63F553A0270FF2A30002FA50 /* Debug */,
				63F553A1270FF2A30002FA50 /* Release */,
			);
			defaultConfigurationIsVisible = 0;
			defaultConfigurationName = Release;
		};
/* End XCConfigurationList section */
	};
	rootObject = 63F55381270FF2A30002FA50 /* Project object */;
}
